{
  "version": 4,
  "terraform_version": "1.2.5",
  "serial": 40,
  "lineage": "d06c9715-f9e9-2acc-da89-10aa2b1a8856",
  "outputs": {
    "cluster": {
      "value": {
        "arn": "arn:aws:eks:ap-northeast-2:755233231675:cluster/apne2-fastcampus",
        "ca_cert": "LS0tLS1CRUdJTiBDRVJUSUZJQ0FURS0tLS0tCk1JSUM1ekNDQWMrZ0F3SUJBZ0lCQURBTkJna3Foa2lHOXcwQkFRc0ZBREFWTVJNd0VRWURWUVFERXdwcmRXSmwKY201bGRHVnpNQjRYRFRJeU1EZ3lNakE0TkRFeU5sb1hEVE15TURneE9UQTROREV5Tmxvd0ZURVRNQkVHQTFVRQpBeE1LYTNWaVpYSnVaWFJsY3pDQ0FTSXdEUVlKS29aSWh2Y05BUUVCQlFBRGdnRVBBRENDQVFvQ2dnRUJBTVc4CmN1cER6cTdCQS9CT1FsQ29IQ3owQ1Q0T2RvNVVHTTBaMnFzNVpzWEZZRzhkM3h1VHJpNGlaR1ozZG14UDlva2EKaTVaZ2FHWUIrR1hseWJhOHduVFRTUUJCcFR6THZvSE1PWURXL1RQMjhUd3BKeFIvV0lKYytJdS8vRStsR0dvKwpmU0pnKzkyamJnQVdTUEpqYmk5TEd6cjhjcElyOGg2VGJicHc0eGFueVhtRm5pbExnaW5mRTNvYnArdmVHMGc1CitMR2pYT0RtOHRic2JjWTJsa0R5ZmxkUDJCZzljUWtraXpOaHFMK1Q3WDZVcTVVdlYveGora1dGYTZsTmZnYkoKbGpUd0tBYTdPRlkxTmRRSUZ5MkF1QmpBcnNFb3VLdFZ3cFNnQnRONzJjdWF1T0dJWk1GMmZUUEtxNkZ4Z2JraAo3dTdDOFJEdDcyeW1ZWFJqK3NrQ0F3RUFBYU5DTUVBd0RnWURWUjBQQVFIL0JBUURBZ0trTUE4R0ExVWRFd0VCCi93UUZNQU1CQWY4d0hRWURWUjBPQkJZRUZOS2h3RGMzSURSUGtjbStpWmlKSkZaV01iKzFNQTBHQ1NxR1NJYjMKRFFFQkN3VUFBNElCQVFCRWhpZ2hPdFBHS1l5WENBMXg0bXFSNDNac3NmSGdYYm5iUlZZeFpoZ0xMcjBCVVd3cQphckxEZ3FVRXZZT3YvZW1sNXF4NUJEczRmRnpzaGhlSURaVGdNakNHblBUSlo3NTBTQUJZVmRMWnlsNTQ0bnRECjFYWTQzVWZEWjV2SGhaRVlaZDdQY0JpcG5WK0FYTEVQcXlyS3hWQWxFdkd1UzF0ajJsTmY1QVJRRm8ybDkrYS8KZVV5cFVyOVFYUGNYeW1sNUxTSHlmMnFwNkpYRktnNUN3RjdFQ3lUdkJrRDhiNWFKNnBUdmRQVExlaTBMWjRrRQpLUDFNMXJLc1BYbUgyWXF2Rk1scGxqY1QrQVFWV2YxUnhIQnRXazBNb0RiUEpFUmUza0lyU0lLTjNSUzZoQzNZCmoxYnBWVXlRQVN0eGllVDlBbUFjWWU5UlFucmhLVzNQRTZGeQotLS0tLUVORCBDRVJUSUZJQ0FURS0tLS0tCg==",
        "endpoint": "https://4280C3760DC13248CF1878213396A2C8.gr7.ap-northeast-2.eks.amazonaws.com",
        "iam_roles": {
          "control_plane": {
            "arn": "arn:aws:iam::755233231675:role/eks-apne2-fastcampus-control-plane",
            "description": "Role for the EKS cluster(apne2-fastcampus) control plane",
            "effective_date": null,
            "expiration_date": null,
            "inline_policies": [],
            "instance_profile_arn": null,
            "instance_profile_name": null,
            "instance_profile_unique_id": null,
            "mfa_required": false,
            "mfa_ttl": 86400,
            "name": "eks-apne2-fastcampus-control-plane",
            "policies": [
              "arn:aws:iam::aws:policy/AmazonEKSClusterPolicy",
              "arn:aws:iam::aws:policy/AmazonEKSVPCResourceController"
            ],
            "source_ip_blacklist": [],
            "source_ip_whitelist": [],
            "unique_id": "AROA27V3ISM5WHFDMFLWT"
          },
          "fargate_profile": {
            "arn": "arn:aws:iam::755233231675:role/eks-apne2-fastcampus-fargate-profile",
            "description": "Role for the EKS cluster(apne2-fastcampus) Fargate profiles",
            "effective_date": null,
            "expiration_date": null,
            "inline_policies": [],
            "instance_profile_arn": null,
            "instance_profile_name": null,
            "instance_profile_unique_id": null,
            "mfa_required": false,
            "mfa_ttl": 86400,
            "name": "eks-apne2-fastcampus-fargate-profile",
            "policies": [
              "arn:aws:iam::aws:policy/AmazonEKSFargatePodExecutionRolePolicy"
            ],
            "source_ip_blacklist": [],
            "source_ip_whitelist": [],
            "unique_id": "AROA27V3ISM5QFNQO6TYQ"
          },
          "node": {
            "arn": "arn:aws:iam::755233231675:role/eks-apne2-fastcampus-node",
            "description": "Role for the EKS cluster(apne2-fastcampus) nodes",
            "effective_date": null,
            "expiration_date": null,
            "inline_policies": [],
            "instance_profile_arn": "arn:aws:iam::755233231675:instance-profile/eks-apne2-fastcampus-node",
            "instance_profile_name": "eks-apne2-fastcampus-node",
            "instance_profile_unique_id": "AIPA27V3ISM5UBNUV3CP4",
            "mfa_required": false,
            "mfa_ttl": 86400,
            "name": "eks-apne2-fastcampus-node",
            "policies": [
              "arn:aws:iam::aws:policy/AmazonEKSWorkerNodePolicy",
              "arn:aws:iam::aws:policy/AmazonEKS_CNI_Policy",
              "arn:aws:iam::aws:policy/AmazonEC2ContainerRegistryReadOnly"
            ],
            "source_ip_blacklist": [],
            "source_ip_whitelist": [],
            "unique_id": "AROA27V3ISM57EOUUU5Y7"
          }
        },
        "log_group_arn": "arn:aws:logs:ap-northeast-2:755233231675:log-group:/aws/eks/apne2-fastcampus/cluster",
        "log_group_name": "/aws/eks/apne2-fastcampus/cluster",
        "log_types": null,
        "name": "apne2-fastcampus",
        "oidc_provider_arn": "arn:aws:iam::755233231675:oidc-provider/oidc.eks.ap-northeast-2.amazonaws.com/id/4280C3760DC13248CF1878213396A2C8",
        "oidc_provider_url": "https://oidc.eks.ap-northeast-2.amazonaws.com/id/4280C3760DC13248CF1878213396A2C8",
        "oidc_provider_urn": "oidc.eks.ap-northeast-2.amazonaws.com/id/4280C3760DC13248CF1878213396A2C8",
        "platform_version": "eks.10",
        "security_group_ids": {
          "cluster": "sg-0d7aafe9d9dde703e",
          "control_plane": "sg-0cbe9bc56ed543566",
          "node": "sg-0c14850aad67b7885",
          "pod": "sg-00c6d5b25a476be67"
        },
        "service_cidr": "172.20.0.0/16",
        "status": "ACTIVE",
        "subnet_ids": [
          "subnet-064b3defb30701a58",
          "subnet-0e993133b1664b1cd"
        ],
        "version": "1.21",
        "vpc_id": "vpc-051effa40fb6d871d"
      },
      "type": [
        "object",
        {
          "arn": "string",
          "ca_cert": "string",
          "endpoint": "string",
          "iam_roles": [
            "object",
            {
              "control_plane": [
                "object",
                {
                  "arn": "string",
                  "description": "string",
                  "effective_date": "string",
                  "expiration_date": "string",
                  "inline_policies": [
                    "list",
                    "string"
                  ],
                  "instance_profile_arn": "dynamic",
                  "instance_profile_name": "dynamic",
                  "instance_profile_unique_id": "dynamic",
                  "mfa_required": "bool",
                  "mfa_ttl": "number",
                  "name": "string",
                  "policies": [
                    "list",
                    "string"
                  ],
                  "source_ip_blacklist": [
                    "list",
                    "string"
                  ],
                  "source_ip_whitelist": [
                    "list",
                    "string"
                  ],
                  "unique_id": "string"
                }
              ],
              "fargate_profile": [
                "object",
                {
                  "arn": "string",
                  "description": "string",
                  "effective_date": "string",
                  "expiration_date": "string",
                  "inline_policies": [
                    "list",
                    "string"
                  ],
                  "instance_profile_arn": "dynamic",
                  "instance_profile_name": "dynamic",
                  "instance_profile_unique_id": "dynamic",
                  "mfa_required": "bool",
                  "mfa_ttl": "number",
                  "name": "string",
                  "policies": [
                    "list",
                    "string"
                  ],
                  "source_ip_blacklist": [
                    "list",
                    "string"
                  ],
                  "source_ip_whitelist": [
                    "list",
                    "string"
                  ],
                  "unique_id": "string"
                }
              ],
              "node": [
                "object",
                {
                  "arn": "string",
                  "description": "string",
                  "effective_date": "string",
                  "expiration_date": "string",
                  "inline_policies": [
                    "list",
                    "string"
                  ],
                  "instance_profile_arn": "string",
                  "instance_profile_name": "string",
                  "instance_profile_unique_id": "string",
                  "mfa_required": "bool",
                  "mfa_ttl": "number",
                  "name": "string",
                  "policies": [
                    "list",
                    "string"
                  ],
                  "source_ip_blacklist": [
                    "list",
                    "string"
                  ],
                  "source_ip_whitelist": [
                    "list",
                    "string"
                  ],
                  "unique_id": "string"
                }
              ]
            }
          ],
          "log_group_arn": "string",
          "log_group_name": "string",
          "log_types": [
            "set",
            "string"
          ],
          "name": "string",
          "oidc_provider_arn": "string",
          "oidc_provider_url": "string",
          "oidc_provider_urn": "string",
          "platform_version": "string",
          "security_group_ids": [
            "object",
            {
              "cluster": "string",
              "control_plane": "string",
              "node": "string",
              "pod": "string"
            }
          ],
          "service_cidr": "string",
          "status": "string",
          "subnet_ids": [
            "set",
            "string"
          ],
          "version": "string",
          "vpc_id": "string"
        }
      ]
    }
  },
  "resources": [
    {
      "mode": "data",
      "type": "terraform_remote_state",
      "name": "network",
      "provider": "provider[\"terraform.io/builtin/terraform\"]",
      "instances": [
        {
          "schema_version": 0,
          "attributes": {
            "backend": "local",
            "config": {
              "value": {
                "path": "./../../terraform-aws-ubuntu/network/terraform.tfstate"
              },
              "type": [
                "object",
                {
                  "path": "string"
                }
              ]
            },
            "defaults": null,
            "outputs": {
              "value": {
                "subnet_groups": {
                  "private": {
                    "arns": [
                      "arn:aws:ec2:ap-northeast-2:755233231675:subnet/subnet-0ecb209672fac51ee",
                      "arn:aws:ec2:ap-northeast-2:755233231675:subnet/subnet-021205219f91305c3"
                    ],
                    "availability_zone_ids": [
                      "apne2-az1",
                      "apne2-az2"
                    ],
                    "availability_zones": [
                      "ap-northeast-2a",
                      "ap-northeast-2b"
                    ],
                    "cache_subnet_group_id": null,
                    "cidr_blocks": [
                      "10.222.2.0/24",
                      "10.222.3.0/24"
                    ],
                    "dax_subnet_group_id": null,
                    "db_subnet_group_arn": null,
                    "db_subnet_group_id": null,
                    "dms_replication_subnet_group_id": null,
                    "docdb_subnet_group_arn": null,
                    "docdb_subnet_group_id": null,
                    "ids": [
                      "subnet-0ecb209672fac51ee",
                      "subnet-021205219f91305c3"
                    ],
                    "ipv6_cidr_blocks": [],
                    "name": "apne2-fastcampus-private",
                    "neptune_subnet_group_arn": null,
                    "neptune_subnet_group_id": null,
                    "redshift_subnet_group_arn": null,
                    "redshift_subnet_group_id": null,
                    "subnets": [
                      {
                        "arn": "arn:aws:ec2:ap-northeast-2:755233231675:subnet/subnet-0ecb209672fac51ee",
                        "assign_ipv6_address_on_creation": false,
                        "availability_zone": "ap-northeast-2a",
                        "availability_zone_id": "apne2-az1",
                        "cidr_block": "10.222.2.0/24",
                        "customer_owned_ipv4_pool": "",
                        "enable_dns64": false,
                        "enable_resource_name_dns_a_record_on_launch": false,
                        "enable_resource_name_dns_aaaa_record_on_launch": false,
                        "id": "subnet-0ecb209672fac51ee",
                        "ipv6_cidr_block": "",
                        "ipv6_cidr_block_association_id": "",
                        "ipv6_native": false,
                        "map_customer_owned_ip_on_launch": false,
                        "map_public_ip_on_launch": false,
                        "outpost_arn": "",
                        "owner_id": "755233231675",
                        "private_dns_hostname_type_on_launch": "ip-name",
                        "tags": {
                          "Name": "apne2-fastcampus-private-001/az1",
                          "Owner": "seank03",
                          "Project": "Network",
                          "module.terraform.io/full-name": "terraform-aws-network/subnet-group",
                          "module.terraform.io/instance": "apne2-fastcampus-private",
                          "module.terraform.io/name": "subnet-group",
                          "module.terraform.io/package": "terraform-aws-network",
                          "module.terraform.io/version": "0.24.0"
                        },
                        "tags_all": {
                          "Name": "apne2-fastcampus-private-001/az1",
                          "Owner": "seank03",
                          "Project": "Network",
                          "module.terraform.io/full-name": "terraform-aws-network/subnet-group",
                          "module.terraform.io/instance": "apne2-fastcampus-private",
                          "module.terraform.io/name": "subnet-group",
                          "module.terraform.io/package": "terraform-aws-network",
                          "module.terraform.io/version": "0.24.0"
                        },
                        "timeouts": null,
                        "vpc_id": "vpc-051effa40fb6d871d"
                      },
                      {
                        "arn": "arn:aws:ec2:ap-northeast-2:755233231675:subnet/subnet-021205219f91305c3",
                        "assign_ipv6_address_on_creation": false,
                        "availability_zone": "ap-northeast-2b",
                        "availability_zone_id": "apne2-az2",
                        "cidr_block": "10.222.3.0/24",
                        "customer_owned_ipv4_pool": "",
                        "enable_dns64": false,
                        "enable_resource_name_dns_a_record_on_launch": false,
                        "enable_resource_name_dns_aaaa_record_on_launch": false,
                        "id": "subnet-021205219f91305c3",
                        "ipv6_cidr_block": "",
                        "ipv6_cidr_block_association_id": "",
                        "ipv6_native": false,
                        "map_customer_owned_ip_on_launch": false,
                        "map_public_ip_on_launch": false,
                        "outpost_arn": "",
                        "owner_id": "755233231675",
                        "private_dns_hostname_type_on_launch": "ip-name",
                        "tags": {
                          "Name": "apne2-fastcampus-private-002/az2",
                          "Owner": "seank03",
                          "Project": "Network",
                          "module.terraform.io/full-name": "terraform-aws-network/subnet-group",
                          "module.terraform.io/instance": "apne2-fastcampus-private",
                          "module.terraform.io/name": "subnet-group",
                          "module.terraform.io/package": "terraform-aws-network",
                          "module.terraform.io/version": "0.24.0"
                        },
                        "tags_all": {
                          "Name": "apne2-fastcampus-private-002/az2",
                          "Owner": "seank03",
                          "Project": "Network",
                          "module.terraform.io/full-name": "terraform-aws-network/subnet-group",
                          "module.terraform.io/instance": "apne2-fastcampus-private",
                          "module.terraform.io/name": "subnet-group",
                          "module.terraform.io/package": "terraform-aws-network",
                          "module.terraform.io/version": "0.24.0"
                        },
                        "timeouts": null,
                        "vpc_id": "vpc-051effa40fb6d871d"
                      }
                    ],
                    "vpc_id": "vpc-051effa40fb6d871d"
                  },
                  "public": {
                    "arns": [
                      "arn:aws:ec2:ap-northeast-2:755233231675:subnet/subnet-0e993133b1664b1cd",
                      "arn:aws:ec2:ap-northeast-2:755233231675:subnet/subnet-064b3defb30701a58"
                    ],
                    "availability_zone_ids": [
                      "apne2-az1",
                      "apne2-az2"
                    ],
                    "availability_zones": [
                      "ap-northeast-2a",
                      "ap-northeast-2b"
                    ],
                    "cache_subnet_group_id": null,
                    "cidr_blocks": [
                      "10.222.0.0/24",
                      "10.222.1.0/24"
                    ],
                    "dax_subnet_group_id": null,
                    "db_subnet_group_arn": null,
                    "db_subnet_group_id": null,
                    "dms_replication_subnet_group_id": null,
                    "docdb_subnet_group_arn": null,
                    "docdb_subnet_group_id": null,
                    "ids": [
                      "subnet-0e993133b1664b1cd",
                      "subnet-064b3defb30701a58"
                    ],
                    "ipv6_cidr_blocks": [],
                    "name": "apne2-fastcampus-public",
                    "neptune_subnet_group_arn": null,
                    "neptune_subnet_group_id": null,
                    "redshift_subnet_group_arn": null,
                    "redshift_subnet_group_id": null,
                    "subnets": [
                      {
                        "arn": "arn:aws:ec2:ap-northeast-2:755233231675:subnet/subnet-0e993133b1664b1cd",
                        "assign_ipv6_address_on_creation": false,
                        "availability_zone": "ap-northeast-2a",
                        "availability_zone_id": "apne2-az1",
                        "cidr_block": "10.222.0.0/24",
                        "customer_owned_ipv4_pool": "",
                        "enable_dns64": false,
                        "enable_resource_name_dns_a_record_on_launch": false,
                        "enable_resource_name_dns_aaaa_record_on_launch": false,
                        "id": "subnet-0e993133b1664b1cd",
                        "ipv6_cidr_block": "",
                        "ipv6_cidr_block_association_id": "",
                        "ipv6_native": false,
                        "map_customer_owned_ip_on_launch": false,
                        "map_public_ip_on_launch": true,
                        "outpost_arn": "",
                        "owner_id": "755233231675",
                        "private_dns_hostname_type_on_launch": "ip-name",
                        "tags": {
                          "Name": "apne2-fastcampus-public-001/az1",
                          "Owner": "seank03",
                          "Project": "Network",
                          "module.terraform.io/full-name": "terraform-aws-network/subnet-group",
                          "module.terraform.io/instance": "apne2-fastcampus-public",
                          "module.terraform.io/name": "subnet-group",
                          "module.terraform.io/package": "terraform-aws-network",
                          "module.terraform.io/version": "0.24.0"
                        },
                        "tags_all": {
                          "Name": "apne2-fastcampus-public-001/az1",
                          "Owner": "seank03",
                          "Project": "Network",
                          "module.terraform.io/full-name": "terraform-aws-network/subnet-group",
                          "module.terraform.io/instance": "apne2-fastcampus-public",
                          "module.terraform.io/name": "subnet-group",
                          "module.terraform.io/package": "terraform-aws-network",
                          "module.terraform.io/version": "0.24.0"
                        },
                        "timeouts": null,
                        "vpc_id": "vpc-051effa40fb6d871d"
                      },
                      {
                        "arn": "arn:aws:ec2:ap-northeast-2:755233231675:subnet/subnet-064b3defb30701a58",
                        "assign_ipv6_address_on_creation": false,
                        "availability_zone": "ap-northeast-2b",
                        "availability_zone_id": "apne2-az2",
                        "cidr_block": "10.222.1.0/24",
                        "customer_owned_ipv4_pool": "",
                        "enable_dns64": false,
                        "enable_resource_name_dns_a_record_on_launch": false,
                        "enable_resource_name_dns_aaaa_record_on_launch": false,
                        "id": "subnet-064b3defb30701a58",
                        "ipv6_cidr_block": "",
                        "ipv6_cidr_block_association_id": "",
                        "ipv6_native": false,
                        "map_customer_owned_ip_on_launch": false,
                        "map_public_ip_on_launch": true,
                        "outpost_arn": "",
                        "owner_id": "755233231675",
                        "private_dns_hostname_type_on_launch": "ip-name",
                        "tags": {
                          "Name": "apne2-fastcampus-public-002/az2",
                          "Owner": "seank03",
                          "Project": "Network",
                          "module.terraform.io/full-name": "terraform-aws-network/subnet-group",
                          "module.terraform.io/instance": "apne2-fastcampus-public",
                          "module.terraform.io/name": "subnet-group",
                          "module.terraform.io/package": "terraform-aws-network",
                          "module.terraform.io/version": "0.24.0"
                        },
                        "tags_all": {
                          "Name": "apne2-fastcampus-public-002/az2",
                          "Owner": "seank03",
                          "Project": "Network",
                          "module.terraform.io/full-name": "terraform-aws-network/subnet-group",
                          "module.terraform.io/instance": "apne2-fastcampus-public",
                          "module.terraform.io/name": "subnet-group",
                          "module.terraform.io/package": "terraform-aws-network",
                          "module.terraform.io/version": "0.24.0"
                        },
                        "timeouts": null,
                        "vpc_id": "vpc-051effa40fb6d871d"
                      }
                    ],
                    "vpc_id": "vpc-051effa40fb6d871d"
                  }
                },
                "vpc": {
                  "arn": "arn:aws:ec2:ap-northeast-2:755233231675:vpc/vpc-051effa40fb6d871d",
                  "cidr_block": "10.222.0.0/16",
                  "default_network_acl_id": "acl-0c0c5fbd9186dee7f",
                  "default_route_table_id": "rtb-0d291854a7d5c8e59",
                  "default_security_group_id": "sg-07b54301c32b9e156",
                  "dhcp_options_arn": null,
                  "dhcp_options_enabled": false,
                  "dhcp_options_id": null,
                  "dns_dnssec_validation_enabled": false,
                  "dns_dnssec_validation_id": null,
                  "dns_hostnames_enabled": true,
                  "dns_support_enabled": true,
                  "egress_only_internet_gateway_enabled": false,
                  "egress_only_internet_gateway_id": null,
                  "id": "vpc-051effa40fb6d871d",
                  "instance_tenancy": "default",
                  "internet_gateway_arn": "arn:aws:ec2:ap-northeast-2:755233231675:internet-gateway/igw-0901c8a3a564ad0f1",
                  "internet_gateway_enabled": true,
                  "internet_gateway_id": "igw-0901c8a3a564ad0f1",
                  "ipv6_association_id": "",
                  "ipv6_cidr_block": "",
                  "main_route_table_id": "rtb-0d291854a7d5c8e59",
                  "name": "apne2-fastcampus",
                  "private_hosted_zones": [],
                  "secondary_cidr_blocks": [],
                  "vpn_gateway_arn": null,
                  "vpn_gateway_asn": null,
                  "vpn_gateway_enabled": false,
                  "vpn_gateway_id": null
                }
              },
              "type": [
                "object",
                {
                  "subnet_groups": [
                    "object",
                    {
                      "private": [
                        "object",
                        {
                          "arns": [
                            "tuple",
                            [
                              "string",
                              "string"
                            ]
                          ],
                          "availability_zone_ids": [
                            "list",
                            "string"
                          ],
                          "availability_zones": [
                            "list",
                            "string"
                          ],
                          "cache_subnet_group_id": "dynamic",
                          "cidr_blocks": [
                            "tuple",
                            [
                              "string",
                              "string"
                            ]
                          ],
                          "dax_subnet_group_id": "dynamic",
                          "db_subnet_group_arn": "dynamic",
                          "db_subnet_group_id": "dynamic",
                          "dms_replication_subnet_group_id": "dynamic",
                          "docdb_subnet_group_arn": "dynamic",
                          "docdb_subnet_group_id": "dynamic",
                          "ids": [
                            "tuple",
                            [
                              "string",
                              "string"
                            ]
                          ],
                          "ipv6_cidr_blocks": [
                            "list",
                            "string"
                          ],
                          "name": "string",
                          "neptune_subnet_group_arn": "dynamic",
                          "neptune_subnet_group_id": "dynamic",
                          "redshift_subnet_group_arn": "dynamic",
                          "redshift_subnet_group_id": "dynamic",
                          "subnets": [
                            "tuple",
                            [
                              [
                                "object",
                                {
                                  "arn": "string",
                                  "assign_ipv6_address_on_creation": "bool",
                                  "availability_zone": "string",
                                  "availability_zone_id": "string",
                                  "cidr_block": "string",
                                  "customer_owned_ipv4_pool": "string",
                                  "enable_dns64": "bool",
                                  "enable_resource_name_dns_a_record_on_launch": "bool",
                                  "enable_resource_name_dns_aaaa_record_on_launch": "bool",
                                  "id": "string",
                                  "ipv6_cidr_block": "string",
                                  "ipv6_cidr_block_association_id": "string",
                                  "ipv6_native": "bool",
                                  "map_customer_owned_ip_on_launch": "bool",
                                  "map_public_ip_on_launch": "bool",
                                  "outpost_arn": "string",
                                  "owner_id": "string",
                                  "private_dns_hostname_type_on_launch": "string",
                                  "tags": [
                                    "map",
                                    "string"
                                  ],
                                  "tags_all": [
                                    "map",
                                    "string"
                                  ],
                                  "timeouts": [
                                    "object",
                                    {
                                      "create": "string",
                                      "delete": "string"
                                    }
                                  ],
                                  "vpc_id": "string"
                                }
                              ],
                              [
                                "object",
                                {
                                  "arn": "string",
                                  "assign_ipv6_address_on_creation": "bool",
                                  "availability_zone": "string",
                                  "availability_zone_id": "string",
                                  "cidr_block": "string",
                                  "customer_owned_ipv4_pool": "string",
                                  "enable_dns64": "bool",
                                  "enable_resource_name_dns_a_record_on_launch": "bool",
                                  "enable_resource_name_dns_aaaa_record_on_launch": "bool",
                                  "id": "string",
                                  "ipv6_cidr_block": "string",
                                  "ipv6_cidr_block_association_id": "string",
                                  "ipv6_native": "bool",
                                  "map_customer_owned_ip_on_launch": "bool",
                                  "map_public_ip_on_launch": "bool",
                                  "outpost_arn": "string",
                                  "owner_id": "string",
                                  "private_dns_hostname_type_on_launch": "string",
                                  "tags": [
                                    "map",
                                    "string"
                                  ],
                                  "tags_all": [
                                    "map",
                                    "string"
                                  ],
                                  "timeouts": [
                                    "object",
                                    {
                                      "create": "string",
                                      "delete": "string"
                                    }
                                  ],
                                  "vpc_id": "string"
                                }
                              ]
                            ]
                          ],
                          "vpc_id": "string"
                        }
                      ],
                      "public": [
                        "object",
                        {
                          "arns": [
                            "tuple",
                            [
                              "string",
                              "string"
                            ]
                          ],
                          "availability_zone_ids": [
                            "list",
                            "string"
                          ],
                          "availability_zones": [
                            "list",
                            "string"
                          ],
                          "cache_subnet_group_id": "dynamic",
                          "cidr_blocks": [
                            "tuple",
                            [
                              "string",
                              "string"
                            ]
                          ],
                          "dax_subnet_group_id": "dynamic",
                          "db_subnet_group_arn": "dynamic",
                          "db_subnet_group_id": "dynamic",
                          "dms_replication_subnet_group_id": "dynamic",
                          "docdb_subnet_group_arn": "dynamic",
                          "docdb_subnet_group_id": "dynamic",
                          "ids": [
                            "tuple",
                            [
                              "string",
                              "string"
                            ]
                          ],
                          "ipv6_cidr_blocks": [
                            "list",
                            "string"
                          ],
                          "name": "string",
                          "neptune_subnet_group_arn": "dynamic",
                          "neptune_subnet_group_id": "dynamic",
                          "redshift_subnet_group_arn": "dynamic",
                          "redshift_subnet_group_id": "dynamic",
                          "subnets": [
                            "tuple",
                            [
                              [
                                "object",
                                {
                                  "arn": "string",
                                  "assign_ipv6_address_on_creation": "bool",
                                  "availability_zone": "string",
                                  "availability_zone_id": "string",
                                  "cidr_block": "string",
                                  "customer_owned_ipv4_pool": "string",
                                  "enable_dns64": "bool",
                                  "enable_resource_name_dns_a_record_on_launch": "bool",
                                  "enable_resource_name_dns_aaaa_record_on_launch": "bool",
                                  "id": "string",
                                  "ipv6_cidr_block": "string",
                                  "ipv6_cidr_block_association_id": "string",
                                  "ipv6_native": "bool",
                                  "map_customer_owned_ip_on_launch": "bool",
                                  "map_public_ip_on_launch": "bool",
                                  "outpost_arn": "string",
                                  "owner_id": "string",
                                  "private_dns_hostname_type_on_launch": "string",
                                  "tags": [
                                    "map",
                                    "string"
                                  ],
                                  "tags_all": [
                                    "map",
                                    "string"
                                  ],
                                  "timeouts": [
                                    "object",
                                    {
                                      "create": "string",
                                      "delete": "string"
                                    }
                                  ],
                                  "vpc_id": "string"
                                }
                              ],
                              [
                                "object",
                                {
                                  "arn": "string",
                                  "assign_ipv6_address_on_creation": "bool",
                                  "availability_zone": "string",
                                  "availability_zone_id": "string",
                                  "cidr_block": "string",
                                  "customer_owned_ipv4_pool": "string",
                                  "enable_dns64": "bool",
                                  "enable_resource_name_dns_a_record_on_launch": "bool",
                                  "enable_resource_name_dns_aaaa_record_on_launch": "bool",
                                  "id": "string",
                                  "ipv6_cidr_block": "string",
                                  "ipv6_cidr_block_association_id": "string",
                                  "ipv6_native": "bool",
                                  "map_customer_owned_ip_on_launch": "bool",
                                  "map_public_ip_on_launch": "bool",
                                  "outpost_arn": "string",
                                  "owner_id": "string",
                                  "private_dns_hostname_type_on_launch": "string",
                                  "tags": [
                                    "map",
                                    "string"
                                  ],
                                  "tags_all": [
                                    "map",
                                    "string"
                                  ],
                                  "timeouts": [
                                    "object",
                                    {
                                      "create": "string",
                                      "delete": "string"
                                    }
                                  ],
                                  "vpc_id": "string"
                                }
                              ]
                            ]
                          ],
                          "vpc_id": "string"
                        }
                      ]
                    }
                  ],
                  "vpc": [
                    "object",
                    {
                      "arn": "string",
                      "cidr_block": "string",
                      "default_network_acl_id": "string",
                      "default_route_table_id": "string",
                      "default_security_group_id": "string",
                      "dhcp_options_arn": "dynamic",
                      "dhcp_options_enabled": "bool",
                      "dhcp_options_id": "dynamic",
                      "dns_dnssec_validation_enabled": "bool",
                      "dns_dnssec_validation_id": "dynamic",
                      "dns_hostnames_enabled": "bool",
                      "dns_support_enabled": "bool",
                      "egress_only_internet_gateway_enabled": "bool",
                      "egress_only_internet_gateway_id": "dynamic",
                      "id": "string",
                      "instance_tenancy": "string",
                      "internet_gateway_arn": "string",
                      "internet_gateway_enabled": "bool",
                      "internet_gateway_id": "string",
                      "ipv6_association_id": "string",
                      "ipv6_cidr_block": "string",
                      "main_route_table_id": "string",
                      "name": "string",
                      "private_hosted_zones": [
                        "tuple",
                        []
                      ],
                      "secondary_cidr_blocks": [
                        "list",
                        "string"
                      ],
                      "vpn_gateway_arn": "dynamic",
                      "vpn_gateway_asn": "dynamic",
                      "vpn_gateway_enabled": "bool",
                      "vpn_gateway_id": "dynamic"
                    }
                  ]
                }
              ]
            },
            "workspace": null
          },
          "sensitive_attributes": []
        }
      ]
    },
    {
      "module": "module.cluster",
      "mode": "data",
      "type": "aws_subnet",
      "name": "selected",
      "provider": "provider[\"registry.terraform.io/hashicorp/aws\"]",
      "instances": [
        {
          "schema_version": 0,
          "attributes": {
            "arn": "arn:aws:ec2:ap-northeast-2:755233231675:subnet/subnet-0e993133b1664b1cd",
            "assign_ipv6_address_on_creation": false,
            "availability_zone": "ap-northeast-2a",
            "availability_zone_id": "apne2-az1",
            "available_ip_address_count": 251,
            "cidr_block": "10.222.0.0/24",
            "customer_owned_ipv4_pool": "",
            "default_for_az": false,
            "enable_dns64": false,
            "enable_resource_name_dns_a_record_on_launch": false,
            "enable_resource_name_dns_aaaa_record_on_launch": false,
            "filter": null,
            "id": "subnet-0e993133b1664b1cd",
            "ipv6_cidr_block": "",
            "ipv6_cidr_block_association_id": "",
            "ipv6_native": false,
            "map_customer_owned_ip_on_launch": false,
            "map_public_ip_on_launch": true,
            "outpost_arn": "",
            "owner_id": "755233231675",
            "private_dns_hostname_type_on_launch": "ip-name",
            "state": "available",
            "tags": {
              "Name": "apne2-fastcampus-public-001/az1",
              "Owner": "seank03",
              "Project": "Network",
              "module.terraform.io/full-name": "terraform-aws-network/subnet-group",
              "module.terraform.io/instance": "apne2-fastcampus-public",
              "module.terraform.io/name": "subnet-group",
              "module.terraform.io/package": "terraform-aws-network",
              "module.terraform.io/version": "0.24.0"
            },
            "vpc_id": "vpc-051effa40fb6d871d"
          },
          "sensitive_attributes": []
        }
      ]
    },
    {
      "module": "module.cluster",
      "mode": "data",
      "type": "tls_certificate",
      "name": "this",
      "provider": "provider[\"registry.terraform.io/hashicorp/tls\"]",
      "instances": [
        {
          "schema_version": 0,
          "attributes": {
            "certificates": [
              {
                "cert_pem": "-----BEGIN CERTIFICATE-----\nMIIEdTCCA12gAwIBAgIJAKcOSkw0grd/MA0GCSqGSIb3DQEBCwUAMGgxCzAJBgNV\nBAYTAlVTMSUwIwYDVQQKExxTdGFyZmllbGQgVGVjaG5vbG9naWVzLCBJbmMuMTIw\nMAYDVQQLEylTdGFyZmllbGQgQ2xhc3MgMiBDZXJ0aWZpY2F0aW9uIEF1dGhvcml0\neTAeFw0wOTA5MDIwMDAwMDBaFw0zNDA2MjgxNzM5MTZaMIGYMQswCQYDVQQGEwJV\nUzEQMA4GA1UECBMHQXJpem9uYTETMBEGA1UEBxMKU2NvdHRzZGFsZTElMCMGA1UE\nChMcU3RhcmZpZWxkIFRlY2hub2xvZ2llcywgSW5jLjE7MDkGA1UEAxMyU3RhcmZp\nZWxkIFNlcnZpY2VzIFJvb3QgQ2VydGlmaWNhdGUgQXV0aG9yaXR5IC0gRzIwggEi\nMA0GCSqGSIb3DQEBAQUAA4IBDwAwggEKAoIBAQDVDDrEKvlO4vW+GZdfjohTsR8/\ny8+fIBNtKTrID30892t2OGPZNmCom15cAICyL1l/9of5JUOG52kbUpqQ4XHj2C0N\nTm/2yEnZtvMaVq4rtnQU68/7JuMauh2WLmo7WJSJR1b/JaCTcFOD2oR0FMNnngRo\nOt+OQFodSk7PQ5E751bWAHDLUu57fa4657wx+UX2wmDPE1kCK4DMNEffud6QZW0C\nzyyRpqbn3oUYSXxmTqM6bam17jQuug0DuDPfR+uxa40l2ZvOgdFFRjKWcIfeAg5J\nQ4W2bHO7ZOphQazJ1FTfhy/HIrImzJ9ZVGif/L4qL8RVHHVAYBeFAlU5i38FAgMB\nAAGjgfAwge0wDwYDVR0TAQH/BAUwAwEB/zAOBgNVHQ8BAf8EBAMCAYYwHQYDVR0O\nBBYEFJxfAN+qAdcwKziIorhtSpzyEZGDMB8GA1UdIwQYMBaAFL9ft9HO3R+G9FtV\nrNzXEMIOqYjnME8GCCsGAQUFBwEBBEMwQTAcBggrBgEFBQcwAYYQaHR0cDovL28u\nc3MyLnVzLzAhBggrBgEFBQcwAoYVaHR0cDovL3guc3MyLnVzL3guY2VyMCYGA1Ud\nHwQfMB0wG6AZoBeGFWh0dHA6Ly9zLnNzMi51cy9yLmNybDARBgNVHSAECjAIMAYG\nBFUdIAAwDQYJKoZIhvcNAQELBQADggEBACMd44pXyn3pF3lM8R5V/cxTbj5HD9/G\nVfKyBDbtgB9TxF00KGu+x1X8Z+rLP3+QsjPNG1gQggL4+C/1E2DUBc7xgQjB3ad1\nl08YuW3e95ORCLp+QCztweq7dp4zBncdDQh/U90bZKuCJ/Fp1U1ervShw3WnWEQt\n8jxwmKy6abaVd38PMV4s/KCHOkdp8Hlf9BRUpJVeEXgSYCfOn8J3/yNTd126/+pZ\n59vPr5KW7ySaNRB6nJHGDn2Z9j8Z3/VyVOEVqQdZe4O/Ui5GjLIAZHYcSNPYeehu\nVsyuLAOQ1xk4meTKCRlb/weWsKh/NEnfVqn3sF/tM+2MR7cwA130A4w=\n-----END CERTIFICATE-----\n",
                "is_ca": true,
                "issuer": "OU=Starfield Class 2 Certification Authority,O=Starfield Technologies\\, Inc.,C=US",
                "not_after": "2034-06-28T17:39:16Z",
                "not_before": "2009-09-02T00:00:00Z",
                "public_key_algorithm": "RSA",
                "serial_number": "12037640545166866303",
                "sha1_fingerprint": "9e99a48a9960b14926bb7f3b02e22da2b0ab7280",
                "signature_algorithm": "SHA256-RSA",
                "subject": "CN=Starfield Services Root Certificate Authority - G2,O=Starfield Technologies\\, Inc.,L=Scottsdale,ST=Arizona,C=US",
                "version": 3
              },
              {
                "cert_pem": "-----BEGIN CERTIFICATE-----\nMIIEkjCCA3qgAwIBAgITBn+USionzfP6wq4rAfkI7rnExjANBgkqhkiG9w0BAQsF\nADCBmDELMAkGA1UEBhMCVVMxEDAOBgNVBAgTB0FyaXpvbmExEzARBgNVBAcTClNj\nb3R0c2RhbGUxJTAjBgNVBAoTHFN0YXJmaWVsZCBUZWNobm9sb2dpZXMsIEluYy4x\nOzA5BgNVBAMTMlN0YXJmaWVsZCBTZXJ2aWNlcyBSb290IENlcnRpZmljYXRlIEF1\ndGhvcml0eSAtIEcyMB4XDTE1MDUyNTEyMDAwMFoXDTM3MTIzMTAxMDAwMFowOTEL\nMAkGA1UEBhMCVVMxDzANBgNVBAoTBkFtYXpvbjEZMBcGA1UEAxMQQW1hem9uIFJv\nb3QgQ0EgMTCCASIwDQYJKoZIhvcNAQEBBQADggEPADCCAQoCggEBALJ4gHHKeNXj\nca9HgFB0fW7Y14h29Jlo91ghYPl0hAEvrAIthtOgQ3pOsqTQNroBvo3bSMgHFzZM\n9O6II8c+6zf1tRn4SWiw3te5djgdYZ6k/oI2peVKVuRF4fn9tBb6dNqcmzU5L/qw\nIFAGbHrQgLKm+a/sRxmPUDgH3KKHOVj4utWp+UhnMJbulHheb4mjUcAwhmahRWa6\nVOujw5H5SNz/0egwLX0tdHA114gk957EWW67c4cX8jJGKLhD+rcdqsq08p8kDi1L\n93FcXmn/6pUCyziKrlA4b9v7LWIbxcceVOF34GfID5yHI9Y/QCB/IIDEgEw+OyQm\njgSubJrIqg0CAwEAAaOCATEwggEtMA8GA1UdEwEB/wQFMAMBAf8wDgYDVR0PAQH/\nBAQDAgGGMB0GA1UdDgQWBBSEGMyFNOy8DJSULghZnMeyEE4KCDAfBgNVHSMEGDAW\ngBScXwDfqgHXMCs4iKK4bUqc8hGRgzB4BggrBgEFBQcBAQRsMGowLgYIKwYBBQUH\nMAGGImh0dHA6Ly9vY3NwLnJvb3RnMi5hbWF6b250cnVzdC5jb20wOAYIKwYBBQUH\nMAKGLGh0dHA6Ly9jcnQucm9vdGcyLmFtYXpvbnRydXN0LmNvbS9yb290ZzIuY2Vy\nMD0GA1UdHwQ2MDQwMqAwoC6GLGh0dHA6Ly9jcmwucm9vdGcyLmFtYXpvbnRydXN0\nLmNvbS9yb290ZzIuY3JsMBEGA1UdIAQKMAgwBgYEVR0gADANBgkqhkiG9w0BAQsF\nAAOCAQEAYjdCXLwQtT6LLOkMm2xF4gcAevnFWAu5CIw+7bMlPLVvUOTNNWqnkzSW\nMiGpSESrnO09tKpzbeR/FoCJbM8oAxiDR3mjEH4wW6w7sGDgd9QIpuEdfF7Au/ma\neyKdpwAJfqxGF4PcnCZXmTA5YpaP7dreqsXMGz7KQ2hsVxa81Q4gLv7/wmpdLqBK\nbRRYh5TmOTFffHPLkIhqhBGWJ6bt2YFGpn6jcgAKUj6DiAdjd4lpFw85hdKrCEVN\n0FE6/V1dN2RMfjCyVSRCnTawXZwXgWHxyvkQAiSr6w10kY17RSlQOYiypok1JR4U\nakcjMS9cmvqtmg5iUaQqqcT5NJ0hGA==\n-----END CERTIFICATE-----\n",
                "is_ca": true,
                "issuer": "CN=Starfield Services Root Certificate Authority - G2,O=Starfield Technologies\\, Inc.,L=Scottsdale,ST=Arizona,C=US",
                "not_after": "2037-12-31T01:00:00Z",
                "not_before": "2015-05-25T12:00:00Z",
                "public_key_algorithm": "RSA",
                "serial_number": "144918191876577076464031512351042010504348870",
                "sha1_fingerprint": "06b25927c42a721631c1efd9431e648fa62e1e39",
                "signature_algorithm": "SHA256-RSA",
                "subject": "CN=Amazon Root CA 1,O=Amazon,C=US",
                "version": 3
              },
              {
                "cert_pem": "-----BEGIN CERTIFICATE-----\nMIIESTCCAzGgAwIBAgITBn+UV4WH6Kx33rJTMlu8mYtWDTANBgkqhkiG9w0BAQsF\nADA5MQswCQYDVQQGEwJVUzEPMA0GA1UEChMGQW1hem9uMRkwFwYDVQQDExBBbWF6\nb24gUm9vdCBDQSAxMB4XDTE1MTAyMjAwMDAwMFoXDTI1MTAxOTAwMDAwMFowRjEL\nMAkGA1UEBhMCVVMxDzANBgNVBAoTBkFtYXpvbjEVMBMGA1UECxMMU2VydmVyIENB\nIDFCMQ8wDQYDVQQDEwZBbWF6b24wggEiMA0GCSqGSIb3DQEBAQUAA4IBDwAwggEK\nAoIBAQDCThZn3c68asg3Wuw6MLAd5tES6BIoSMzoKcG5blPVo+sDORrMd4f2AbnZ\ncMzPa43j4wNxhplty6aUKk4T1qe9BOwKFjwK6zmxxLVYo7bHViXsPlJ6qOMpFge5\nblDP+18x+B26A0piiQOuPkfyDyeR4xQghfj66Yo19V+emU3nazfvpFA+ROz6WoVm\nB5x+F2pV8xeKNR7u6azDdU5YVX1TawprmxRC1+WsAYmz6qP+z8ArDITC2FMVy2fw\n0IjKOtEXc/VfmtTFch5+AfGYMGMqqvJ6LcXiAhqG5TI+Dr0RtM88k+8XUBCeQ8IG\nKuANaL7TiItKZYxK1MMuTJtV9IblAgMBAAGjggE7MIIBNzASBgNVHRMBAf8ECDAG\nAQH/AgEAMA4GA1UdDwEB/wQEAwIBhjAdBgNVHQ4EFgQUWaRmBlKge5WSPKOUByeW\ndFv5PdAwHwYDVR0jBBgwFoAUhBjMhTTsvAyUlC4IWZzHshBOCggwewYIKwYBBQUH\nAQEEbzBtMC8GCCsGAQUFBzABhiNodHRwOi8vb2NzcC5yb290Y2ExLmFtYXpvbnRy\ndXN0LmNvbTA6BggrBgEFBQcwAoYuaHR0cDovL2NydC5yb290Y2ExLmFtYXpvbnRy\ndXN0LmNvbS9yb290Y2ExLmNlcjA/BgNVHR8EODA2MDSgMqAwhi5odHRwOi8vY3Js\nLnJvb3RjYTEuYW1hem9udHJ1c3QuY29tL3Jvb3RjYTEuY3JsMBMGA1UdIAQMMAow\nCAYGZ4EMAQIBMA0GCSqGSIb3DQEBCwUAA4IBAQCFkr41u3nPo4FCHOTjY3NTOVI1\n59Gt/a6ZiqyJEi+752+a1U5y6iAwYfmXss2lJwJFqMp2PphKg5625kXg8kP2CN5t\n6G7bMQcT8C8xDZNtYTd7WPD8UZiRKAJPBXa30/AbwuZe0GaFEQ8ugcYQgSn+IGBI\n8/LwhBNTZTUVEWuCUUBVV18YtbAiPq3yXqMB48Oz+ctBWuZSkbvkNodPLamkB2g1\nupRyzQ7qDn1X8nn8N8V7YJ6y68AtkHcNSRAnpTitxBKjtKPISLMVCx7i4hncxHZS\nyLyKQXhw2W2Xs0qLeC1etA+jTGDK4UfLeC0SF7FSi8o5LL21L8IzApar2pR/\n-----END CERTIFICATE-----\n",
                "is_ca": true,
                "issuer": "CN=Amazon Root CA 1,O=Amazon,C=US",
                "not_after": "2025-10-19T00:00:00Z",
                "not_before": "2015-10-22T00:00:00Z",
                "public_key_algorithm": "RSA",
                "serial_number": "144918209630989264145272943054026349679957517",
                "sha1_fingerprint": "917e732d330f9a12404f73d8bea36948b929dffc",
                "signature_algorithm": "SHA256-RSA",
                "subject": "CN=Amazon,OU=Server CA 1B,O=Amazon,C=US",
                "version": 3
              },
              {
                "cert_pem": "-----BEGIN CERTIFICATE-----\nMIIGBDCCBOygAwIBAgIQCneydd7qXdM9F747ypOYmDANBgkqhkiG9w0BAQsFADBG\nMQswCQYDVQQGEwJVUzEPMA0GA1UEChMGQW1hem9uMRUwEwYDVQQLEwxTZXJ2ZXIg\nQ0EgMUIxDzANBgNVBAMTBkFtYXpvbjAeFw0yMjA1MTMwMDAwMDBaFw0yMzA2MTEy\nMzU5NTlaMDAxLjAsBgNVBAMTJW9pZGMuZWtzLmFwLW5vcnRoZWFzdC0yLmFtYXpv\nbmF3cy5jb20wggEiMA0GCSqGSIb3DQEBAQUAA4IBDwAwggEKAoIBAQDWICnYVH4Q\nK/uOqyi74Ti0sUcL6xrBjtBI75VmK2EdPjE/Ef4JCQQdW2792joDjElUIFYOH2Od\n0mpHRbz6+lNaeoSznflY1YIzJjO2VZoqV/XtILiR/u2CbvszmuUVDgOx4fh1Bfom\nnHXbYTjQtffP9USp1cvgoyPhkSV3m5I267zqIo9bUwmAikPSHFEIX4svWnedDb+V\nU1WM1tdiRob5i4xFj7GzJi7C4TDQxG53KVpwnKWUtK9TJt20Haagy3bQnvNVuqlX\nepUBR4EhIFJNHoUujuASl7O1K0XsWJZRelpOqZfF/+4aLLaGt0yPMCEH+0KDdC+R\nnAU6OkjHEmH9AgMBAAGjggMCMIIC/jAfBgNVHSMEGDAWgBRZpGYGUqB7lZI8o5QH\nJ5Z0W/k90DAdBgNVHQ4EFgQUKbfpHGuOyp5prrJ/GidZ2w4JREYwMAYDVR0RBCkw\nJ4Ilb2lkYy5la3MuYXAtbm9ydGhlYXN0LTIuYW1hem9uYXdzLmNvbTAOBgNVHQ8B\nAf8EBAMCBaAwHQYDVR0lBBYwFAYIKwYBBQUHAwEGCCsGAQUFBwMCMD0GA1UdHwQ2\nMDQwMqAwoC6GLGh0dHA6Ly9jcmwuc2NhMWIuYW1hem9udHJ1c3QuY29tL3NjYTFi\nLTEuY3JsMBMGA1UdIAQMMAowCAYGZ4EMAQIBMHUGCCsGAQUFBwEBBGkwZzAtBggr\nBgEFBQcwAYYhaHR0cDovL29jc3Auc2NhMWIuYW1hem9udHJ1c3QuY29tMDYGCCsG\nAQUFBzAChipodHRwOi8vY3J0LnNjYTFiLmFtYXpvbnRydXN0LmNvbS9zY2ExYi5j\ncnQwDAYDVR0TAQH/BAIwADCCAYAGCisGAQQB1nkCBAIEggFwBIIBbAFqAHcA6D7Q\n2j71BjUy51covIlryQPTy9ERa+zraeF3fW0GvW4AAAGAushJUgAABAMASDBGAiEA\nydVYJeFgogSHFf+m50hLLh4wbpVlLt6PcYpyaDB5bPgCIQCnajdTxIgh0BAbR0Pd\n8sOOn8A0yncN3aNOipt8g/CtbAB2ADXPGRu/sWxXvw+tTG1Cy7u2JyAmUeo/4Srv\nqAPDO9ZMAAABgLrISXQAAAQDAEcwRQIgOVy4O21h69slBz1WZO3RWaOJt3TY6JLG\nYEVsRVuPsGgCIQDPeqXU/0EMLibFwWzWyDHhnU5jR+uU0A09tqptd7UYLQB3ALc+\n+yTfnE26dfI5xbpY9Gxd/ELPep81xJ4dCYEl7bSZAAABgLrISWsAAAQDAEgwRgIh\nAJlJP38syboeJN1B2WtgMU8YhdrJ97Za3bAHZJAVmn06AiEAk5gZurPO9ztpuTy2\nil4cUrzu8WXQ6nimVe/ttE0NyuYwDQYJKoZIhvcNAQELBQADggEBABp058JXy2ZV\nS9OEr7XS83lG6TMmQmc+Vi/dAWyoi4gsipaPHD8dBE1MevW5P16YVa/46/OzSHkn\nBDz7oJCCtRNyWlO6H3JqprPUzDG2nGQ7/eSFlkwMPgzjfRR23OB4zl7+oNmWo5NI\nVKqwUuTXzPSv5DPQMs+zpd0lOVt5GXCmR74hiMaH1fsZCr7BJ9Vo4i1L9UApqFMI\nS4t567WYkNL7jWcdg3SEYC3zKoMqmsAQa7s02bXWiQMDVf1pariAdLH7oB6EpbO/\nEIJTMon4Hpa1GvCjlleM3iCqIodOZuaOs3zR75CeJj0KSea6e4kw5F0RN6kKFKDi\nIdUKcGOx02c=\n-----END CERTIFICATE-----\n",
                "is_ca": false,
                "issuer": "CN=Amazon,OU=Server CA 1B,O=Amazon,C=US",
                "not_after": "2023-06-11T23:59:59Z",
                "not_before": "2022-05-13T00:00:00Z",
                "public_key_algorithm": "RSA",
                "serial_number": "13913782891608271281972691959643609240",
                "sha1_fingerprint": "78671c125375bf74f21bba0aa08c5ecf1d437b1e",
                "signature_algorithm": "SHA256-RSA",
                "subject": "CN=oidc.eks.ap-northeast-2.amazonaws.com",
                "version": 3
              }
            ],
            "content": null,
            "id": "e60b99f22d560af59fd9077af16f33b74a2d6b2e",
            "url": "https://oidc.eks.ap-northeast-2.amazonaws.com/id/4280C3760DC13248CF1878213396A2C8",
            "verify_chain": true
          },
          "sensitive_attributes": []
        }
      ]
    },
    {
      "module": "module.cluster",
      "mode": "managed",
      "type": "aws_cloudwatch_log_group",
      "name": "this",
      "provider": "provider[\"registry.terraform.io/hashicorp/aws\"]",
      "instances": [
        {
          "schema_version": 0,
          "attributes": {
            "arn": "arn:aws:logs:ap-northeast-2:755233231675:log-group:/aws/eks/apne2-fastcampus/cluster",
            "id": "/aws/eks/apne2-fastcampus/cluster",
            "kms_key_id": "",
            "name": "/aws/eks/apne2-fastcampus/cluster",
            "name_prefix": null,
            "retention_in_days": 90,
            "tags": {
              "Name": "eks-apne2-fastcampus-cluster",
              "module.terraform.io/full-name": "terraform-aws-container/eks-cluster",
              "module.terraform.io/instance": "apne2-fastcampus",
              "module.terraform.io/name": "eks-cluster",
              "module.terraform.io/package": "terraform-aws-container",
              "module.terraform.io/version": "0.14.0"
            },
            "tags_all": {
              "Name": "eks-apne2-fastcampus-cluster",
              "module.terraform.io/full-name": "terraform-aws-container/eks-cluster",
              "module.terraform.io/instance": "apne2-fastcampus",
              "module.terraform.io/name": "eks-cluster",
              "module.terraform.io/package": "terraform-aws-container",
              "module.terraform.io/version": "0.14.0"
            }
          },
          "sensitive_attributes": [],
          "private": "bnVsbA=="
        }
      ]
    },
    {
      "module": "module.cluster",
      "mode": "managed",
      "type": "aws_eks_cluster",
      "name": "this",
      "provider": "provider[\"registry.terraform.io/hashicorp/aws\"]",
      "instances": [
        {
          "schema_version": 0,
          "attributes": {
            "arn": "arn:aws:eks:ap-northeast-2:755233231675:cluster/apne2-fastcampus",
            "certificate_authority": [
              {
                "data": "LS0tLS1CRUdJTiBDRVJUSUZJQ0FURS0tLS0tCk1JSUM1ekNDQWMrZ0F3SUJBZ0lCQURBTkJna3Foa2lHOXcwQkFRc0ZBREFWTVJNd0VRWURWUVFERXdwcmRXSmwKY201bGRHVnpNQjRYRFRJeU1EZ3lNakE0TkRFeU5sb1hEVE15TURneE9UQTROREV5Tmxvd0ZURVRNQkVHQTFVRQpBeE1LYTNWaVpYSnVaWFJsY3pDQ0FTSXdEUVlKS29aSWh2Y05BUUVCQlFBRGdnRVBBRENDQVFvQ2dnRUJBTVc4CmN1cER6cTdCQS9CT1FsQ29IQ3owQ1Q0T2RvNVVHTTBaMnFzNVpzWEZZRzhkM3h1VHJpNGlaR1ozZG14UDlva2EKaTVaZ2FHWUIrR1hseWJhOHduVFRTUUJCcFR6THZvSE1PWURXL1RQMjhUd3BKeFIvV0lKYytJdS8vRStsR0dvKwpmU0pnKzkyamJnQVdTUEpqYmk5TEd6cjhjcElyOGg2VGJicHc0eGFueVhtRm5pbExnaW5mRTNvYnArdmVHMGc1CitMR2pYT0RtOHRic2JjWTJsa0R5ZmxkUDJCZzljUWtraXpOaHFMK1Q3WDZVcTVVdlYveGora1dGYTZsTmZnYkoKbGpUd0tBYTdPRlkxTmRRSUZ5MkF1QmpBcnNFb3VLdFZ3cFNnQnRONzJjdWF1T0dJWk1GMmZUUEtxNkZ4Z2JraAo3dTdDOFJEdDcyeW1ZWFJqK3NrQ0F3RUFBYU5DTUVBd0RnWURWUjBQQVFIL0JBUURBZ0trTUE4R0ExVWRFd0VCCi93UUZNQU1CQWY4d0hRWURWUjBPQkJZRUZOS2h3RGMzSURSUGtjbStpWmlKSkZaV01iKzFNQTBHQ1NxR1NJYjMKRFFFQkN3VUFBNElCQVFCRWhpZ2hPdFBHS1l5WENBMXg0bXFSNDNac3NmSGdYYm5iUlZZeFpoZ0xMcjBCVVd3cQphckxEZ3FVRXZZT3YvZW1sNXF4NUJEczRmRnpzaGhlSURaVGdNakNHblBUSlo3NTBTQUJZVmRMWnlsNTQ0bnRECjFYWTQzVWZEWjV2SGhaRVlaZDdQY0JpcG5WK0FYTEVQcXlyS3hWQWxFdkd1UzF0ajJsTmY1QVJRRm8ybDkrYS8KZVV5cFVyOVFYUGNYeW1sNUxTSHlmMnFwNkpYRktnNUN3RjdFQ3lUdkJrRDhiNWFKNnBUdmRQVExlaTBMWjRrRQpLUDFNMXJLc1BYbUgyWXF2Rk1scGxqY1QrQVFWV2YxUnhIQnRXazBNb0RiUEpFUmUza0lyU0lLTjNSUzZoQzNZCmoxYnBWVXlRQVN0eGllVDlBbUFjWWU5UlFucmhLVzNQRTZGeQotLS0tLUVORCBDRVJUSUZJQ0FURS0tLS0tCg=="
              }
            ],
            "created_at": "2022-08-22 08:36:02.659 +0000 UTC",
            "enabled_cluster_log_types": null,
            "encryption_config": [],
            "endpoint": "https://4280C3760DC13248CF1878213396A2C8.gr7.ap-northeast-2.eks.amazonaws.com",
            "id": "apne2-fastcampus",
            "identity": [
              {
                "oidc": [
                  {
                    "issuer": "https://oidc.eks.ap-northeast-2.amazonaws.com/id/4280C3760DC13248CF1878213396A2C8"
                  }
                ]
              }
            ],
            "kubernetes_network_config": [
              {
                "ip_family": "ipv4",
                "service_ipv4_cidr": "172.20.0.0/16"
              }
            ],
            "name": "apne2-fastcampus",
            "platform_version": "eks.10",
            "role_arn": "arn:aws:iam::755233231675:role/eks-apne2-fastcampus-control-plane",
            "status": "ACTIVE",
            "tags": {
              "Name": "apne2-fastcampus",
              "module.terraform.io/full-name": "terraform-aws-container/eks-cluster",
              "module.terraform.io/instance": "apne2-fastcampus",
              "module.terraform.io/name": "eks-cluster",
              "module.terraform.io/package": "terraform-aws-container",
              "module.terraform.io/version": "0.14.0"
            },
            "tags_all": {
              "Name": "apne2-fastcampus",
              "module.terraform.io/full-name": "terraform-aws-container/eks-cluster",
              "module.terraform.io/instance": "apne2-fastcampus",
              "module.terraform.io/name": "eks-cluster",
              "module.terraform.io/package": "terraform-aws-container",
              "module.terraform.io/version": "0.14.0"
            },
            "timeouts": {
              "create": "30m",
              "delete": "15m",
              "update": "60m"
            },
            "version": "1.21",
            "vpc_config": [
              {
                "cluster_security_group_id": "sg-0d7aafe9d9dde703e",
                "endpoint_private_access": true,
                "endpoint_public_access": true,
                "public_access_cidrs": [
                  "0.0.0.0/0"
                ],
                "security_group_ids": [
                  "sg-0cbe9bc56ed543566"
                ],
                "subnet_ids": [
                  "subnet-064b3defb30701a58",
                  "subnet-0e993133b1664b1cd"
                ],
                "vpc_id": "vpc-051effa40fb6d871d"
              }
            ]
          },
          "sensitive_attributes": [],
          "private": "eyJlMmJmYjczMC1lY2FhLTExZTYtOGY4OC0zNDM2M2JjN2M0YzAiOnsiY3JlYXRlIjoxODAwMDAwMDAwMDAwLCJkZWxldGUiOjkwMDAwMDAwMDAwMCwidXBkYXRlIjozNjAwMDAwMDAwMDAwfX0=",
          "dependencies": [
            "data.terraform_remote_state.network",
            "module.cluster.aws_cloudwatch_log_group.this",
            "module.cluster.data.aws_subnet.selected",
            "module.cluster.module.role__control_plane.aws_iam_instance_profile.this",
            "module.cluster.module.role__control_plane.aws_iam_role.this",
            "module.cluster.module.role__control_plane.aws_iam_role_policy.inline",
            "module.cluster.module.role__control_plane.aws_iam_role_policy_attachment.managed",
            "module.cluster.module.role__control_plane.aws_resourcegroups_group.this",
            "module.cluster.module.role__control_plane.data.aws_caller_identity.this",
            "module.cluster.module.role__control_plane.data.aws_iam_policy_document.assume_role",
            "module.cluster.module.role__control_plane.data.aws_iam_policy_document.trusted_iam_entities",
            "module.cluster.module.role__control_plane.data.aws_iam_policy_document.trusted_oidc_providers",
            "module.cluster.module.role__control_plane.data.aws_iam_policy_document.trusted_saml_providers",
            "module.cluster.module.role__control_plane.data.aws_iam_policy_document.trusted_services",
            "module.cluster.module.role__control_plane.data.aws_partition.this",
            "module.cluster.module.security_group__control_plane.aws_security_group.this"
          ]
        }
      ]
    },
    {
      "module": "module.cluster",
      "mode": "managed",
      "type": "aws_iam_openid_connect_provider",
      "name": "this",
      "provider": "provider[\"registry.terraform.io/hashicorp/aws\"]",
      "instances": [
        {
          "schema_version": 0,
          "attributes": {
            "arn": "arn:aws:iam::755233231675:oidc-provider/oidc.eks.ap-northeast-2.amazonaws.com/id/4280C3760DC13248CF1878213396A2C8",
            "client_id_list": [
              "sts.amazonaws.com"
            ],
            "id": "arn:aws:iam::755233231675:oidc-provider/oidc.eks.ap-northeast-2.amazonaws.com/id/4280C3760DC13248CF1878213396A2C8",
            "tags": {
              "Name": "eks-apne2-fastcampus-oidc-provider",
              "module.terraform.io/full-name": "terraform-aws-container/eks-cluster",
              "module.terraform.io/instance": "apne2-fastcampus",
              "module.terraform.io/name": "eks-cluster",
              "module.terraform.io/package": "terraform-aws-container",
              "module.terraform.io/version": "0.14.0"
            },
            "tags_all": {
              "Name": "eks-apne2-fastcampus-oidc-provider",
              "module.terraform.io/full-name": "terraform-aws-container/eks-cluster",
              "module.terraform.io/instance": "apne2-fastcampus",
              "module.terraform.io/name": "eks-cluster",
              "module.terraform.io/package": "terraform-aws-container",
              "module.terraform.io/version": "0.14.0"
            },
            "thumbprint_list": [
              "9e99a48a9960b14926bb7f3b02e22da2b0ab7280"
            ],
            "url": "oidc.eks.ap-northeast-2.amazonaws.com/id/4280C3760DC13248CF1878213396A2C8"
          },
          "sensitive_attributes": [],
          "private": "bnVsbA==",
          "dependencies": [
            "data.terraform_remote_state.network",
            "module.cluster.aws_cloudwatch_log_group.this",
            "module.cluster.aws_eks_cluster.this",
            "module.cluster.data.aws_subnet.selected",
            "module.cluster.data.tls_certificate.this",
            "module.cluster.module.role__control_plane.aws_iam_instance_profile.this",
            "module.cluster.module.role__control_plane.aws_iam_role.this",
            "module.cluster.module.role__control_plane.aws_iam_role_policy.inline",
            "module.cluster.module.role__control_plane.aws_iam_role_policy_attachment.managed",
            "module.cluster.module.role__control_plane.aws_resourcegroups_group.this",
            "module.cluster.module.role__control_plane.data.aws_caller_identity.this",
            "module.cluster.module.role__control_plane.data.aws_iam_policy_document.assume_role",
            "module.cluster.module.role__control_plane.data.aws_iam_policy_document.trusted_iam_entities",
            "module.cluster.module.role__control_plane.data.aws_iam_policy_document.trusted_oidc_providers",
            "module.cluster.module.role__control_plane.data.aws_iam_policy_document.trusted_saml_providers",
            "module.cluster.module.role__control_plane.data.aws_iam_policy_document.trusted_services",
            "module.cluster.module.role__control_plane.data.aws_partition.this",
            "module.cluster.module.security_group__control_plane.aws_security_group.this"
          ]
        }
      ]
    },
    {
      "module": "module.cluster",
      "mode": "managed",
      "type": "aws_resourcegroups_group",
      "name": "this",
      "provider": "provider[\"registry.terraform.io/hashicorp/aws\"]",
      "instances": [
        {
          "index_key": 0,
          "schema_version": 0,
          "attributes": {
            "arn": "arn:aws:resource-groups:ap-northeast-2:755233231675:group/terraform-aws-container.eks-cluster.apne2-fastcampus",
            "description": "Managed by Terraform.",
            "id": "terraform-aws-container.eks-cluster.apne2-fastcampus",
            "name": "terraform-aws-container.eks-cluster.apne2-fastcampus",
            "resource_query": [
              {
                "query": "{\n  \"ResourceTypeFilters\": [\n    \"AWS::AllSupported\"\n  ],\n  \"TagFilters\": [{\"Key\":\"module.terraform.io/full-name\",\"Values\":[\"terraform-aws-container/eks-cluster\"]},{\"Key\":\"module.terraform.io/instance\",\"Values\":[\"apne2-fastcampus\"]},{\"Key\":\"module.terraform.io/name\",\"Values\":[\"eks-cluster\"]},{\"Key\":\"module.terraform.io/package\",\"Values\":[\"terraform-aws-container\"]},{\"Key\":\"module.terraform.io/version\",\"Values\":[\"0.14.0\"]}]\n}\n",
                "type": "TAG_FILTERS_1_0"
              }
            ],
            "tags": {
              "Name": "terraform-aws-container.eks-cluster.apne2-fastcampus",
              "module.terraform.io/full-name": "terraform-aws-container/eks-cluster",
              "module.terraform.io/instance": "apne2-fastcampus",
              "module.terraform.io/name": "eks-cluster",
              "module.terraform.io/package": "terraform-aws-container",
              "module.terraform.io/version": "0.14.0"
            },
            "tags_all": {
              "Name": "terraform-aws-container.eks-cluster.apne2-fastcampus",
              "module.terraform.io/full-name": "terraform-aws-container/eks-cluster",
              "module.terraform.io/instance": "apne2-fastcampus",
              "module.terraform.io/name": "eks-cluster",
              "module.terraform.io/package": "terraform-aws-container",
              "module.terraform.io/version": "0.14.0"
            }
          },
          "sensitive_attributes": [],
          "private": "bnVsbA=="
        }
      ]
    },
    {
      "module": "module.cluster",
      "mode": "managed",
      "type": "aws_security_group_rule",
      "name": "node",
      "provider": "provider[\"registry.terraform.io/hashicorp/aws\"]",
      "instances": [
        {
          "schema_version": 2,
          "attributes": {
            "cidr_blocks": null,
            "description": "Allow nodes to communicate to the cluster security group(for fargate pods).",
            "from_port": 0,
            "id": "sgrule-955425332",
            "ipv6_cidr_blocks": null,
            "prefix_list_ids": null,
            "protocol": "-1",
            "security_group_id": "sg-0d7aafe9d9dde703e",
            "self": false,
            "source_security_group_id": "sg-0c14850aad67b7885",
            "to_port": 0,
            "type": "ingress"
          },
          "sensitive_attributes": [],
          "private": "eyJzY2hlbWFfdmVyc2lvbiI6IjIifQ==",
          "dependencies": [
            "data.terraform_remote_state.network",
            "module.cluster.aws_cloudwatch_log_group.this",
            "module.cluster.aws_eks_cluster.this",
            "module.cluster.data.aws_subnet.selected",
            "module.cluster.module.role__control_plane.aws_iam_instance_profile.this",
            "module.cluster.module.role__control_plane.aws_iam_role.this",
            "module.cluster.module.role__control_plane.aws_iam_role_policy.inline",
            "module.cluster.module.role__control_plane.aws_iam_role_policy_attachment.managed",
            "module.cluster.module.role__control_plane.aws_resourcegroups_group.this",
            "module.cluster.module.role__control_plane.data.aws_caller_identity.this",
            "module.cluster.module.role__control_plane.data.aws_iam_policy_document.assume_role",
            "module.cluster.module.role__control_plane.data.aws_iam_policy_document.trusted_iam_entities",
            "module.cluster.module.role__control_plane.data.aws_iam_policy_document.trusted_oidc_providers",
            "module.cluster.module.role__control_plane.data.aws_iam_policy_document.trusted_saml_providers",
            "module.cluster.module.role__control_plane.data.aws_iam_policy_document.trusted_services",
            "module.cluster.module.role__control_plane.data.aws_partition.this",
            "module.cluster.module.security_group__control_plane.aws_security_group.this",
            "module.cluster.module.security_group__node.aws_security_group.this"
          ]
        }
      ]
    },
    {
      "module": "module.cluster",
      "mode": "managed",
      "type": "aws_security_group_rule",
      "name": "pod",
      "provider": "provider[\"registry.terraform.io/hashicorp/aws\"]",
      "instances": [
        {
          "schema_version": 2,
          "attributes": {
            "cidr_blocks": null,
            "description": "Allow pods to communicate to the cluster security group(for fargate pods).",
            "from_port": 0,
            "id": "sgrule-506981552",
            "ipv6_cidr_blocks": null,
            "prefix_list_ids": null,
            "protocol": "-1",
            "security_group_id": "sg-0d7aafe9d9dde703e",
            "self": false,
            "source_security_group_id": "sg-00c6d5b25a476be67",
            "to_port": 0,
            "type": "ingress"
          },
          "sensitive_attributes": [],
          "private": "eyJzY2hlbWFfdmVyc2lvbiI6IjIifQ==",
          "dependencies": [
            "data.terraform_remote_state.network",
            "module.cluster.aws_cloudwatch_log_group.this",
            "module.cluster.aws_eks_cluster.this",
            "module.cluster.data.aws_subnet.selected",
            "module.cluster.module.role__control_plane.aws_iam_instance_profile.this",
            "module.cluster.module.role__control_plane.aws_iam_role.this",
            "module.cluster.module.role__control_plane.aws_iam_role_policy.inline",
            "module.cluster.module.role__control_plane.aws_iam_role_policy_attachment.managed",
            "module.cluster.module.role__control_plane.aws_resourcegroups_group.this",
            "module.cluster.module.role__control_plane.data.aws_caller_identity.this",
            "module.cluster.module.role__control_plane.data.aws_iam_policy_document.assume_role",
            "module.cluster.module.role__control_plane.data.aws_iam_policy_document.trusted_iam_entities",
            "module.cluster.module.role__control_plane.data.aws_iam_policy_document.trusted_oidc_providers",
            "module.cluster.module.role__control_plane.data.aws_iam_policy_document.trusted_saml_providers",
            "module.cluster.module.role__control_plane.data.aws_iam_policy_document.trusted_services",
            "module.cluster.module.role__control_plane.data.aws_partition.this",
            "module.cluster.module.security_group__control_plane.aws_security_group.this",
            "module.cluster.module.security_group__pod.aws_security_group.this"
          ]
        }
      ]
    },
    {
      "module": "module.cluster.module.role__control_plane",
      "mode": "data",
      "type": "aws_caller_identity",
      "name": "this",
      "provider": "provider[\"registry.terraform.io/hashicorp/aws\"]",
      "instances": [
        {
          "schema_version": 0,
          "attributes": {
            "account_id": "755233231675",
            "arn": "arn:aws:iam::755233231675:user/seank",
            "id": "755233231675",
            "user_id": "AIDA27V3ISM5WMVPSOC2G"
          },
          "sensitive_attributes": []
        }
      ]
    },
    {
      "module": "module.cluster.module.role__control_plane",
      "mode": "data",
      "type": "aws_iam_policy_document",
      "name": "assume_role",
      "provider": "provider[\"registry.terraform.io/hashicorp/aws\"]",
      "instances": [
        {
          "schema_version": 0,
          "attributes": {
            "id": "2683362850",
            "json": "{\n  \"Version\": \"2012-10-17\",\n  \"Statement\": [\n    {\n      \"Sid\": \"TrustedServices\",\n      \"Effect\": \"Allow\",\n      \"Action\": \"sts:AssumeRole\",\n      \"Principal\": {\n        \"Service\": \"eks.amazonaws.com\"\n      }\n    }\n  ]\n}",
            "override_json": null,
            "override_policy_documents": null,
            "policy_id": null,
            "source_json": null,
            "source_policy_documents": [
              "{\n  \"Version\": \"2012-10-17\",\n  \"Statement\": [\n    {\n      \"Sid\": \"TrustedServices\",\n      \"Effect\": \"Allow\",\n      \"Action\": \"sts:AssumeRole\",\n      \"Principal\": {\n        \"Service\": \"eks.amazonaws.com\"\n      }\n    }\n  ]\n}"
            ],
            "statement": null,
            "version": "2012-10-17"
          },
          "sensitive_attributes": []
        }
      ]
    },
    {
      "module": "module.cluster.module.role__control_plane",
      "mode": "data",
      "type": "aws_iam_policy_document",
      "name": "trusted_services",
      "provider": "provider[\"registry.terraform.io/hashicorp/aws\"]",
      "instances": [
        {
          "index_key": "this",
          "schema_version": 0,
          "attributes": {
            "id": "2683362850",
            "json": "{\n  \"Version\": \"2012-10-17\",\n  \"Statement\": [\n    {\n      \"Sid\": \"TrustedServices\",\n      \"Effect\": \"Allow\",\n      \"Action\": \"sts:AssumeRole\",\n      \"Principal\": {\n        \"Service\": \"eks.amazonaws.com\"\n      }\n    }\n  ]\n}",
            "override_json": null,
            "override_policy_documents": null,
            "policy_id": null,
            "source_json": null,
            "source_policy_documents": null,
            "statement": [
              {
                "actions": [
                  "sts:AssumeRole"
                ],
                "condition": [],
                "effect": "Allow",
                "not_actions": [],
                "not_principals": [],
                "not_resources": [],
                "principals": [
                  {
                    "identifiers": [
                      "eks.amazonaws.com"
                    ],
                    "type": "Service"
                  }
                ],
                "resources": [],
                "sid": "TrustedServices"
              }
            ],
            "version": "2012-10-17"
          },
          "sensitive_attributes": []
        }
      ]
    },
    {
      "module": "module.cluster.module.role__control_plane",
      "mode": "data",
      "type": "aws_partition",
      "name": "this",
      "provider": "provider[\"registry.terraform.io/hashicorp/aws\"]",
      "instances": [
        {
          "schema_version": 0,
          "attributes": {
            "dns_suffix": "amazonaws.com",
            "id": "aws",
            "partition": "aws",
            "reverse_dns_prefix": "com.amazonaws"
          },
          "sensitive_attributes": []
        }
      ]
    },
    {
      "module": "module.cluster.module.role__control_plane",
      "mode": "managed",
      "type": "aws_iam_role",
      "name": "this",
      "provider": "provider[\"registry.terraform.io/hashicorp/aws\"]",
      "instances": [
        {
          "schema_version": 0,
          "attributes": {
            "arn": "arn:aws:iam::755233231675:role/eks-apne2-fastcampus-control-plane",
            "assume_role_policy": "{\"Version\":\"2012-10-17\",\"Statement\":[{\"Sid\":\"TrustedServices\",\"Effect\":\"Allow\",\"Principal\":{\"Service\":\"eks.amazonaws.com\"},\"Action\":\"sts:AssumeRole\"}]}",
            "create_date": "2022-08-22T08:35:56Z",
            "description": "Role for the EKS cluster(apne2-fastcampus) control plane",
            "force_detach_policies": false,
            "id": "eks-apne2-fastcampus-control-plane",
            "inline_policy": [
              {
                "name": "",
                "policy": ""
              }
            ],
            "managed_policy_arns": [],
            "max_session_duration": 3600,
            "name": "eks-apne2-fastcampus-control-plane",
            "name_prefix": "",
            "path": "/",
            "permissions_boundary": "",
            "tags": {
              "Name": "eks-apne2-fastcampus-control-plane",
              "module.terraform.io/full-name": "terraform-aws-container/eks-cluster",
              "module.terraform.io/instance": "apne2-fastcampus",
              "module.terraform.io/name": "eks-cluster",
              "module.terraform.io/package": "terraform-aws-container",
              "module.terraform.io/version": "0.14.0"
            },
            "tags_all": {
              "Name": "eks-apne2-fastcampus-control-plane",
              "module.terraform.io/full-name": "terraform-aws-container/eks-cluster",
              "module.terraform.io/instance": "apne2-fastcampus",
              "module.terraform.io/name": "eks-cluster",
              "module.terraform.io/package": "terraform-aws-container",
              "module.terraform.io/version": "0.14.0"
            },
            "unique_id": "AROA27V3ISM5WHFDMFLWT"
          },
          "sensitive_attributes": [],
          "private": "bnVsbA==",
          "dependencies": [
            "module.cluster.module.role__control_plane.data.aws_iam_policy_document.assume_role"
          ]
        }
      ]
    },
    {
      "module": "module.cluster.module.role__control_plane",
      "mode": "managed",
      "type": "aws_iam_role_policy_attachment",
      "name": "managed",
      "provider": "provider[\"registry.terraform.io/hashicorp/aws\"]",
      "instances": [
        {
          "index_key": "arn:aws:iam::aws:policy/AmazonEKSClusterPolicy",
          "schema_version": 0,
          "attributes": {
            "id": "eks-apne2-fastcampus-control-plane-20220822083559543700000004",
            "policy_arn": "arn:aws:iam::aws:policy/AmazonEKSClusterPolicy",
            "role": "eks-apne2-fastcampus-control-plane"
          },
          "sensitive_attributes": [],
          "private": "bnVsbA==",
          "dependencies": [
            "module.cluster.module.role__control_plane.aws_iam_role.this",
            "module.cluster.module.role__control_plane.data.aws_iam_policy_document.assume_role"
          ]
        },
        {
          "index_key": "arn:aws:iam::aws:policy/AmazonEKSVPCResourceController",
          "schema_version": 0,
          "attributes": {
            "id": "eks-apne2-fastcampus-control-plane-20220822083559549800000006",
            "policy_arn": "arn:aws:iam::aws:policy/AmazonEKSVPCResourceController",
            "role": "eks-apne2-fastcampus-control-plane"
          },
          "sensitive_attributes": [],
          "private": "bnVsbA==",
          "dependencies": [
            "module.cluster.module.role__control_plane.aws_iam_role.this",
            "module.cluster.module.role__control_plane.data.aws_iam_policy_document.assume_role"
          ]
        }
      ]
    },
    {
      "module": "module.cluster.module.role__fargate_profile",
      "mode": "data",
      "type": "aws_caller_identity",
      "name": "this",
      "provider": "provider[\"registry.terraform.io/hashicorp/aws\"]",
      "instances": [
        {
          "schema_version": 0,
          "attributes": {
            "account_id": "755233231675",
            "arn": "arn:aws:iam::755233231675:user/seank",
            "id": "755233231675",
            "user_id": "AIDA27V3ISM5WMVPSOC2G"
          },
          "sensitive_attributes": []
        }
      ]
    },
    {
      "module": "module.cluster.module.role__fargate_profile",
      "mode": "data",
      "type": "aws_iam_policy_document",
      "name": "assume_role",
      "provider": "provider[\"registry.terraform.io/hashicorp/aws\"]",
      "instances": [
        {
          "schema_version": 0,
          "attributes": {
            "id": "688550093",
            "json": "{\n  \"Version\": \"2012-10-17\",\n  \"Statement\": [\n    {\n      \"Sid\": \"TrustedServices\",\n      \"Effect\": \"Allow\",\n      \"Action\": \"sts:AssumeRole\",\n      \"Principal\": {\n        \"Service\": \"eks-fargate-pods.amazonaws.com\"\n      }\n    }\n  ]\n}",
            "override_json": null,
            "override_policy_documents": null,
            "policy_id": null,
            "source_json": null,
            "source_policy_documents": [
              "{\n  \"Version\": \"2012-10-17\",\n  \"Statement\": [\n    {\n      \"Sid\": \"TrustedServices\",\n      \"Effect\": \"Allow\",\n      \"Action\": \"sts:AssumeRole\",\n      \"Principal\": {\n        \"Service\": \"eks-fargate-pods.amazonaws.com\"\n      }\n    }\n  ]\n}"
            ],
            "statement": null,
            "version": "2012-10-17"
          },
          "sensitive_attributes": []
        }
      ]
    },
    {
      "module": "module.cluster.module.role__fargate_profile",
      "mode": "data",
      "type": "aws_iam_policy_document",
      "name": "trusted_services",
      "provider": "provider[\"registry.terraform.io/hashicorp/aws\"]",
      "instances": [
        {
          "index_key": "this",
          "schema_version": 0,
          "attributes": {
            "id": "688550093",
            "json": "{\n  \"Version\": \"2012-10-17\",\n  \"Statement\": [\n    {\n      \"Sid\": \"TrustedServices\",\n      \"Effect\": \"Allow\",\n      \"Action\": \"sts:AssumeRole\",\n      \"Principal\": {\n        \"Service\": \"eks-fargate-pods.amazonaws.com\"\n      }\n    }\n  ]\n}",
            "override_json": null,
            "override_policy_documents": null,
            "policy_id": null,
            "source_json": null,
            "source_policy_documents": null,
            "statement": [
              {
                "actions": [
                  "sts:AssumeRole"
                ],
                "condition": [],
                "effect": "Allow",
                "not_actions": [],
                "not_principals": [],
                "not_resources": [],
                "principals": [
                  {
                    "identifiers": [
                      "eks-fargate-pods.amazonaws.com"
                    ],
                    "type": "Service"
                  }
                ],
                "resources": [],
                "sid": "TrustedServices"
              }
            ],
            "version": "2012-10-17"
          },
          "sensitive_attributes": []
        }
      ]
    },
    {
      "module": "module.cluster.module.role__fargate_profile",
      "mode": "data",
      "type": "aws_partition",
      "name": "this",
      "provider": "provider[\"registry.terraform.io/hashicorp/aws\"]",
      "instances": [
        {
          "schema_version": 0,
          "attributes": {
            "dns_suffix": "amazonaws.com",
            "id": "aws",
            "partition": "aws",
            "reverse_dns_prefix": "com.amazonaws"
          },
          "sensitive_attributes": []
        }
      ]
    },
    {
      "module": "module.cluster.module.role__fargate_profile",
      "mode": "managed",
      "type": "aws_iam_role",
      "name": "this",
      "provider": "provider[\"registry.terraform.io/hashicorp/aws\"]",
      "instances": [
        {
          "schema_version": 0,
          "attributes": {
            "arn": "arn:aws:iam::755233231675:role/eks-apne2-fastcampus-fargate-profile",
            "assume_role_policy": "{\"Version\":\"2012-10-17\",\"Statement\":[{\"Sid\":\"TrustedServices\",\"Effect\":\"Allow\",\"Principal\":{\"Service\":\"eks-fargate-pods.amazonaws.com\"},\"Action\":\"sts:AssumeRole\"}]}",
            "create_date": "2022-08-22T08:35:56Z",
            "description": "Role for the EKS cluster(apne2-fastcampus) Fargate profiles",
            "force_detach_policies": false,
            "id": "eks-apne2-fastcampus-fargate-profile",
            "inline_policy": [
              {
                "name": "",
                "policy": ""
              }
            ],
            "managed_policy_arns": [],
            "max_session_duration": 3600,
            "name": "eks-apne2-fastcampus-fargate-profile",
            "name_prefix": "",
            "path": "/",
            "permissions_boundary": "",
            "tags": {
              "Name": "eks-apne2-fastcampus-fargate-profile",
              "module.terraform.io/full-name": "terraform-aws-container/eks-cluster",
              "module.terraform.io/instance": "apne2-fastcampus",
              "module.terraform.io/name": "eks-cluster",
              "module.terraform.io/package": "terraform-aws-container",
              "module.terraform.io/version": "0.14.0"
            },
            "tags_all": {
              "Name": "eks-apne2-fastcampus-fargate-profile",
              "module.terraform.io/full-name": "terraform-aws-container/eks-cluster",
              "module.terraform.io/instance": "apne2-fastcampus",
              "module.terraform.io/name": "eks-cluster",
              "module.terraform.io/package": "terraform-aws-container",
              "module.terraform.io/version": "0.14.0"
            },
            "unique_id": "AROA27V3ISM5QFNQO6TYQ"
          },
          "sensitive_attributes": [],
          "private": "bnVsbA==",
          "dependencies": [
            "module.cluster.module.role__fargate_profile.data.aws_iam_policy_document.assume_role"
          ]
        }
      ]
    },
    {
      "module": "module.cluster.module.role__fargate_profile",
      "mode": "managed",
      "type": "aws_iam_role_policy_attachment",
      "name": "managed",
      "provider": "provider[\"registry.terraform.io/hashicorp/aws\"]",
      "instances": [
        {
          "index_key": "arn:aws:iam::aws:policy/AmazonEKSFargatePodExecutionRolePolicy",
          "schema_version": 0,
          "attributes": {
            "id": "eks-apne2-fastcampus-fargate-profile-20220822083559547900000005",
            "policy_arn": "arn:aws:iam::aws:policy/AmazonEKSFargatePodExecutionRolePolicy",
            "role": "eks-apne2-fastcampus-fargate-profile"
          },
          "sensitive_attributes": [],
          "private": "bnVsbA==",
          "dependencies": [
            "module.cluster.module.role__fargate_profile.aws_iam_role.this",
            "module.cluster.module.role__fargate_profile.data.aws_iam_policy_document.assume_role"
          ]
        }
      ]
    },
    {
      "module": "module.cluster.module.role__node",
      "mode": "data",
      "type": "aws_caller_identity",
      "name": "this",
      "provider": "provider[\"registry.terraform.io/hashicorp/aws\"]",
      "instances": [
        {
          "schema_version": 0,
          "attributes": {
            "account_id": "755233231675",
            "arn": "arn:aws:iam::755233231675:user/seank",
            "id": "755233231675",
            "user_id": "AIDA27V3ISM5WMVPSOC2G"
          },
          "sensitive_attributes": []
        }
      ]
    },
    {
      "module": "module.cluster.module.role__node",
      "mode": "data",
      "type": "aws_iam_policy_document",
      "name": "assume_role",
      "provider": "provider[\"registry.terraform.io/hashicorp/aws\"]",
      "instances": [
        {
          "schema_version": 0,
          "attributes": {
            "id": "3854639675",
            "json": "{\n  \"Version\": \"2012-10-17\",\n  \"Statement\": [\n    {\n      \"Sid\": \"TrustedServices\",\n      \"Effect\": \"Allow\",\n      \"Action\": \"sts:AssumeRole\",\n      \"Principal\": {\n        \"Service\": \"ec2.amazonaws.com\"\n      }\n    }\n  ]\n}",
            "override_json": null,
            "override_policy_documents": null,
            "policy_id": null,
            "source_json": null,
            "source_policy_documents": [
              "{\n  \"Version\": \"2012-10-17\",\n  \"Statement\": [\n    {\n      \"Sid\": \"TrustedServices\",\n      \"Effect\": \"Allow\",\n      \"Action\": \"sts:AssumeRole\",\n      \"Principal\": {\n        \"Service\": \"ec2.amazonaws.com\"\n      }\n    }\n  ]\n}"
            ],
            "statement": null,
            "version": "2012-10-17"
          },
          "sensitive_attributes": []
        }
      ]
    },
    {
      "module": "module.cluster.module.role__node",
      "mode": "data",
      "type": "aws_iam_policy_document",
      "name": "trusted_services",
      "provider": "provider[\"registry.terraform.io/hashicorp/aws\"]",
      "instances": [
        {
          "index_key": "this",
          "schema_version": 0,
          "attributes": {
            "id": "3854639675",
            "json": "{\n  \"Version\": \"2012-10-17\",\n  \"Statement\": [\n    {\n      \"Sid\": \"TrustedServices\",\n      \"Effect\": \"Allow\",\n      \"Action\": \"sts:AssumeRole\",\n      \"Principal\": {\n        \"Service\": \"ec2.amazonaws.com\"\n      }\n    }\n  ]\n}",
            "override_json": null,
            "override_policy_documents": null,
            "policy_id": null,
            "source_json": null,
            "source_policy_documents": null,
            "statement": [
              {
                "actions": [
                  "sts:AssumeRole"
                ],
                "condition": [],
                "effect": "Allow",
                "not_actions": [],
                "not_principals": [],
                "not_resources": [],
                "principals": [
                  {
                    "identifiers": [
                      "ec2.amazonaws.com"
                    ],
                    "type": "Service"
                  }
                ],
                "resources": [],
                "sid": "TrustedServices"
              }
            ],
            "version": "2012-10-17"
          },
          "sensitive_attributes": []
        }
      ]
    },
    {
      "module": "module.cluster.module.role__node",
      "mode": "data",
      "type": "aws_partition",
      "name": "this",
      "provider": "provider[\"registry.terraform.io/hashicorp/aws\"]",
      "instances": [
        {
          "schema_version": 0,
          "attributes": {
            "dns_suffix": "amazonaws.com",
            "id": "aws",
            "partition": "aws",
            "reverse_dns_prefix": "com.amazonaws"
          },
          "sensitive_attributes": []
        }
      ]
    },
    {
      "module": "module.cluster.module.role__node",
      "mode": "managed",
      "type": "aws_iam_instance_profile",
      "name": "this",
      "provider": "provider[\"registry.terraform.io/hashicorp/aws\"]",
      "instances": [
        {
          "index_key": 0,
          "schema_version": 0,
          "attributes": {
            "arn": "arn:aws:iam::755233231675:instance-profile/eks-apne2-fastcampus-node",
            "create_date": "2022-08-22T08:35:59Z",
            "id": "eks-apne2-fastcampus-node",
            "name": "eks-apne2-fastcampus-node",
            "name_prefix": null,
            "path": "/",
            "role": "eks-apne2-fastcampus-node",
            "tags": {
              "Name": "eks-apne2-fastcampus-node",
              "module.terraform.io/full-name": "terraform-aws-container/eks-cluster",
              "module.terraform.io/instance": "apne2-fastcampus",
              "module.terraform.io/name": "eks-cluster",
              "module.terraform.io/package": "terraform-aws-container",
              "module.terraform.io/version": "0.14.0"
            },
            "tags_all": {
              "Name": "eks-apne2-fastcampus-node",
              "module.terraform.io/full-name": "terraform-aws-container/eks-cluster",
              "module.terraform.io/instance": "apne2-fastcampus",
              "module.terraform.io/name": "eks-cluster",
              "module.terraform.io/package": "terraform-aws-container",
              "module.terraform.io/version": "0.14.0"
            },
            "unique_id": "AIPA27V3ISM5UBNUV3CP4"
          },
          "sensitive_attributes": [],
          "private": "bnVsbA==",
          "dependencies": [
            "module.cluster.module.role__node.aws_iam_role.this",
            "module.cluster.module.role__node.data.aws_iam_policy_document.assume_role"
          ]
        }
      ]
    },
    {
      "module": "module.cluster.module.role__node",
      "mode": "managed",
      "type": "aws_iam_role",
      "name": "this",
      "provider": "provider[\"registry.terraform.io/hashicorp/aws\"]",
      "instances": [
        {
          "schema_version": 0,
          "attributes": {
            "arn": "arn:aws:iam::755233231675:role/eks-apne2-fastcampus-node",
            "assume_role_policy": "{\"Version\":\"2012-10-17\",\"Statement\":[{\"Sid\":\"TrustedServices\",\"Effect\":\"Allow\",\"Principal\":{\"Service\":\"ec2.amazonaws.com\"},\"Action\":\"sts:AssumeRole\"}]}",
            "create_date": "2022-08-22T08:35:56Z",
            "description": "Role for the EKS cluster(apne2-fastcampus) nodes",
            "force_detach_policies": false,
            "id": "eks-apne2-fastcampus-node",
            "inline_policy": [
              {
                "name": "",
                "policy": ""
              }
            ],
            "managed_policy_arns": [],
            "max_session_duration": 3600,
            "name": "eks-apne2-fastcampus-node",
            "name_prefix": "",
            "path": "/",
            "permissions_boundary": "",
            "tags": {
              "Name": "eks-apne2-fastcampus-node",
              "module.terraform.io/full-name": "terraform-aws-container/eks-cluster",
              "module.terraform.io/instance": "apne2-fastcampus",
              "module.terraform.io/name": "eks-cluster",
              "module.terraform.io/package": "terraform-aws-container",
              "module.terraform.io/version": "0.14.0"
            },
            "tags_all": {
              "Name": "eks-apne2-fastcampus-node",
              "module.terraform.io/full-name": "terraform-aws-container/eks-cluster",
              "module.terraform.io/instance": "apne2-fastcampus",
              "module.terraform.io/name": "eks-cluster",
              "module.terraform.io/package": "terraform-aws-container",
              "module.terraform.io/version": "0.14.0"
            },
            "unique_id": "AROA27V3ISM57EOUUU5Y7"
          },
          "sensitive_attributes": [],
          "private": "bnVsbA==",
          "dependencies": [
            "module.cluster.module.role__node.data.aws_iam_policy_document.assume_role"
          ]
        }
      ]
    },
    {
      "module": "module.cluster.module.role__node",
      "mode": "managed",
      "type": "aws_iam_role_policy_attachment",
      "name": "managed",
      "provider": "provider[\"registry.terraform.io/hashicorp/aws\"]",
      "instances": [
        {
          "index_key": "arn:aws:iam::aws:policy/AmazonEC2ContainerRegistryReadOnly",
          "schema_version": 0,
          "attributes": {
            "id": "eks-apne2-fastcampus-node-20220822083559531500000002",
            "policy_arn": "arn:aws:iam::aws:policy/AmazonEC2ContainerRegistryReadOnly",
            "role": "eks-apne2-fastcampus-node"
          },
          "sensitive_attributes": [],
          "private": "bnVsbA==",
          "dependencies": [
            "module.cluster.module.role__node.aws_iam_role.this",
            "module.cluster.module.role__node.data.aws_iam_policy_document.assume_role"
          ]
        },
        {
          "index_key": "arn:aws:iam::aws:policy/AmazonEKSWorkerNodePolicy",
          "schema_version": 0,
          "attributes": {
            "id": "eks-apne2-fastcampus-node-20220822083559540100000003",
            "policy_arn": "arn:aws:iam::aws:policy/AmazonEKSWorkerNodePolicy",
            "role": "eks-apne2-fastcampus-node"
          },
          "sensitive_attributes": [],
          "private": "bnVsbA==",
          "dependencies": [
            "module.cluster.module.role__node.aws_iam_role.this",
            "module.cluster.module.role__node.data.aws_iam_policy_document.assume_role"
          ]
        },
        {
          "index_key": "arn:aws:iam::aws:policy/AmazonEKS_CNI_Policy",
          "schema_version": 0,
          "attributes": {
            "id": "eks-apne2-fastcampus-node-20220822083559529400000001",
            "policy_arn": "arn:aws:iam::aws:policy/AmazonEKS_CNI_Policy",
            "role": "eks-apne2-fastcampus-node"
          },
          "sensitive_attributes": [],
          "private": "bnVsbA==",
          "dependencies": [
            "module.cluster.module.role__node.aws_iam_role.this",
            "module.cluster.module.role__node.data.aws_iam_policy_document.assume_role"
          ]
        }
      ]
    },
    {
      "module": "module.cluster.module.security_group__control_plane",
      "mode": "managed",
      "type": "aws_security_group",
      "name": "this",
      "provider": "provider[\"registry.terraform.io/hashicorp/aws\"]",
      "instances": [
        {
          "schema_version": 1,
          "attributes": {
            "arn": "arn:aws:ec2:ap-northeast-2:755233231675:security-group/sg-0cbe9bc56ed543566",
            "description": "Security Group for EKS Control Plane.",
            "egress": [],
            "id": "sg-0cbe9bc56ed543566",
            "ingress": [],
            "name": "eks-apne2-fastcampus-control-plane",
            "name_prefix": "",
            "owner_id": "755233231675",
            "revoke_rules_on_delete": false,
            "tags": {
              "Name": "eks-apne2-fastcampus-control-plane",
              "kubernetes.io/cluster/apne2-fastcampus": "owned",
              "module.terraform.io/full-name": "terraform-aws-container/eks-cluster",
              "module.terraform.io/instance": "apne2-fastcampus",
              "module.terraform.io/name": "eks-cluster",
              "module.terraform.io/package": "terraform-aws-container",
              "module.terraform.io/version": "0.14.0"
            },
            "tags_all": {
              "Name": "eks-apne2-fastcampus-control-plane",
              "kubernetes.io/cluster/apne2-fastcampus": "owned",
              "module.terraform.io/full-name": "terraform-aws-container/eks-cluster",
              "module.terraform.io/instance": "apne2-fastcampus",
              "module.terraform.io/name": "eks-cluster",
              "module.terraform.io/package": "terraform-aws-container",
              "module.terraform.io/version": "0.14.0"
            },
            "timeouts": null,
            "vpc_id": "vpc-051effa40fb6d871d"
          },
          "sensitive_attributes": [],
          "private": "eyJlMmJmYjczMC1lY2FhLTExZTYtOGY4OC0zNDM2M2JjN2M0YzAiOnsiY3JlYXRlIjo2MDAwMDAwMDAwMDAsImRlbGV0ZSI6OTAwMDAwMDAwMDAwfSwic2NoZW1hX3ZlcnNpb24iOiIxIn0=",
          "dependencies": [
            "module.cluster.data.aws_subnet.selected"
          ]
        }
      ]
    },
    {
      "module": "module.cluster.module.security_group__control_plane",
      "mode": "managed",
      "type": "aws_security_group_rule",
      "name": "egress",
      "provider": "provider[\"registry.terraform.io/hashicorp/aws\"]",
      "instances": [
        {
          "index_key": "ephemeral/nodes",
          "schema_version": 2,
          "attributes": {
            "cidr_blocks": null,
            "description": "Allow control plane to ephemrally communicate with nodes.",
            "from_port": 1025,
            "id": "sgrule-1018430726",
            "ipv6_cidr_blocks": null,
            "prefix_list_ids": null,
            "protocol": "tcp",
            "security_group_id": "sg-0cbe9bc56ed543566",
            "self": false,
            "source_security_group_id": "sg-0c14850aad67b7885",
            "to_port": 65535,
            "type": "egress"
          },
          "sensitive_attributes": [],
          "private": "eyJzY2hlbWFfdmVyc2lvbiI6IjIifQ==",
          "dependencies": [
            "module.cluster.data.aws_subnet.selected",
            "module.cluster.module.security_group__control_plane.aws_security_group.this",
            "module.cluster.module.security_group__node.aws_security_group.this",
            "module.cluster.module.security_group__pod.aws_security_group.this"
          ]
        },
        {
          "index_key": "ephemeral/pods",
          "schema_version": 2,
          "attributes": {
            "cidr_blocks": null,
            "description": "Allow control plane to ephemrally communicate with pods.",
            "from_port": 1025,
            "id": "sgrule-443632514",
            "ipv6_cidr_blocks": null,
            "prefix_list_ids": null,
            "protocol": "tcp",
            "security_group_id": "sg-0cbe9bc56ed543566",
            "self": false,
            "source_security_group_id": "sg-00c6d5b25a476be67",
            "to_port": 65535,
            "type": "egress"
          },
          "sensitive_attributes": [],
          "private": "eyJzY2hlbWFfdmVyc2lvbiI6IjIifQ==",
          "dependencies": [
            "module.cluster.data.aws_subnet.selected",
            "module.cluster.module.security_group__control_plane.aws_security_group.this",
            "module.cluster.module.security_group__node.aws_security_group.this",
            "module.cluster.module.security_group__pod.aws_security_group.this"
          ]
        }
      ]
    },
    {
      "module": "module.cluster.module.security_group__control_plane",
      "mode": "managed",
      "type": "aws_security_group_rule",
      "name": "ingress",
      "provider": "provider[\"registry.terraform.io/hashicorp/aws\"]",
      "instances": [
        {
          "index_key": "cluster-api/cidrs",
          "schema_version": 2,
          "attributes": {
            "cidr_blocks": [
              "10.222.0.0/16"
            ],
            "description": "Allow CIDRs to communicate with the cluster API server.",
            "from_port": 443,
            "id": "sgrule-117892334",
            "ipv6_cidr_blocks": null,
            "prefix_list_ids": null,
            "protocol": "tcp",
            "security_group_id": "sg-0cbe9bc56ed543566",
            "self": false,
            "source_security_group_id": null,
            "to_port": 443,
            "type": "ingress"
          },
          "sensitive_attributes": [],
          "private": "eyJzY2hlbWFfdmVyc2lvbiI6IjIifQ==",
          "dependencies": [
            "data.terraform_remote_state.network",
            "module.cluster.data.aws_subnet.selected",
            "module.cluster.module.security_group__control_plane.aws_security_group.this",
            "module.cluster.module.security_group__node.aws_security_group.this",
            "module.cluster.module.security_group__pod.aws_security_group.this"
          ]
        },
        {
          "index_key": "cluster-api/nodes",
          "schema_version": 2,
          "attributes": {
            "cidr_blocks": null,
            "description": "Allow nodes to communicate with the cluster API server.",
            "from_port": 443,
            "id": "sgrule-237216485",
            "ipv6_cidr_blocks": null,
            "prefix_list_ids": null,
            "protocol": "tcp",
            "security_group_id": "sg-0cbe9bc56ed543566",
            "self": false,
            "source_security_group_id": "sg-0c14850aad67b7885",
            "to_port": 443,
            "type": "ingress"
          },
          "sensitive_attributes": [],
          "private": "eyJzY2hlbWFfdmVyc2lvbiI6IjIifQ==",
          "dependencies": [
            "data.terraform_remote_state.network",
            "module.cluster.data.aws_subnet.selected",
            "module.cluster.module.security_group__control_plane.aws_security_group.this",
            "module.cluster.module.security_group__node.aws_security_group.this",
            "module.cluster.module.security_group__pod.aws_security_group.this"
          ]
        },
        {
          "index_key": "cluster-api/pods",
          "schema_version": 2,
          "attributes": {
            "cidr_blocks": null,
            "description": "Allow pods to communicate with the cluster API server.",
            "from_port": 443,
            "id": "sgrule-686222433",
            "ipv6_cidr_blocks": null,
            "prefix_list_ids": null,
            "protocol": "tcp",
            "security_group_id": "sg-0cbe9bc56ed543566",
            "self": false,
            "source_security_group_id": "sg-00c6d5b25a476be67",
            "to_port": 443,
            "type": "ingress"
          },
          "sensitive_attributes": [],
          "private": "eyJzY2hlbWFfdmVyc2lvbiI6IjIifQ==",
          "dependencies": [
            "data.terraform_remote_state.network",
            "module.cluster.data.aws_subnet.selected",
            "module.cluster.module.security_group__control_plane.aws_security_group.this",
            "module.cluster.module.security_group__node.aws_security_group.this",
            "module.cluster.module.security_group__pod.aws_security_group.this"
          ]
        }
      ]
    },
    {
      "module": "module.cluster.module.security_group__node",
      "mode": "managed",
      "type": "aws_security_group",
      "name": "this",
      "provider": "provider[\"registry.terraform.io/hashicorp/aws\"]",
      "instances": [
        {
          "schema_version": 1,
          "attributes": {
            "arn": "arn:aws:ec2:ap-northeast-2:755233231675:security-group/sg-0c14850aad67b7885",
            "description": "Security Group for all nodes in the EKS cluster.",
            "egress": [],
            "id": "sg-0c14850aad67b7885",
            "ingress": [],
            "name": "eks-apne2-fastcampus-node",
            "name_prefix": "",
            "owner_id": "755233231675",
            "revoke_rules_on_delete": false,
            "tags": {
              "Name": "eks-apne2-fastcampus-node",
              "kubernetes.io/cluster/apne2-fastcampus": "owned",
              "module.terraform.io/full-name": "terraform-aws-container/eks-cluster",
              "module.terraform.io/instance": "apne2-fastcampus",
              "module.terraform.io/name": "eks-cluster",
              "module.terraform.io/package": "terraform-aws-container",
              "module.terraform.io/version": "0.14.0"
            },
            "tags_all": {
              "Name": "eks-apne2-fastcampus-node",
              "kubernetes.io/cluster/apne2-fastcampus": "owned",
              "module.terraform.io/full-name": "terraform-aws-container/eks-cluster",
              "module.terraform.io/instance": "apne2-fastcampus",
              "module.terraform.io/name": "eks-cluster",
              "module.terraform.io/package": "terraform-aws-container",
              "module.terraform.io/version": "0.14.0"
            },
            "timeouts": null,
            "vpc_id": "vpc-051effa40fb6d871d"
          },
          "sensitive_attributes": [],
          "private": "eyJlMmJmYjczMC1lY2FhLTExZTYtOGY4OC0zNDM2M2JjN2M0YzAiOnsiY3JlYXRlIjo2MDAwMDAwMDAwMDAsImRlbGV0ZSI6OTAwMDAwMDAwMDAwfSwic2NoZW1hX3ZlcnNpb24iOiIxIn0=",
          "dependencies": [
            "module.cluster.data.aws_subnet.selected"
          ]
        }
      ]
    },
    {
      "module": "module.cluster.module.security_group__node",
      "mode": "managed",
      "type": "aws_security_group_rule",
      "name": "egress",
      "provider": "provider[\"registry.terraform.io/hashicorp/aws\"]",
      "instances": [
        {
          "index_key": "all/all",
          "schema_version": 2,
          "attributes": {
            "cidr_blocks": [
              "0.0.0.0/0"
            ],
            "description": "Allow nodes egress access to the Internet.",
            "from_port": 0,
            "id": "sgrule-4022777560",
            "ipv6_cidr_blocks": null,
            "prefix_list_ids": null,
            "protocol": "-1",
            "security_group_id": "sg-0c14850aad67b7885",
            "self": false,
            "source_security_group_id": null,
            "to_port": 0,
            "type": "egress"
          },
          "sensitive_attributes": [],
          "private": "eyJzY2hlbWFfdmVyc2lvbiI6IjIifQ==",
          "dependencies": [
            "data.terraform_remote_state.network",
            "module.cluster.aws_cloudwatch_log_group.this",
            "module.cluster.aws_eks_cluster.this",
            "module.cluster.data.aws_subnet.selected",
            "module.cluster.module.role__control_plane.aws_iam_instance_profile.this",
            "module.cluster.module.role__control_plane.aws_iam_role.this",
            "module.cluster.module.role__control_plane.aws_iam_role_policy.inline",
            "module.cluster.module.role__control_plane.aws_iam_role_policy_attachment.managed",
            "module.cluster.module.role__control_plane.aws_resourcegroups_group.this",
            "module.cluster.module.role__control_plane.data.aws_caller_identity.this",
            "module.cluster.module.role__control_plane.data.aws_iam_policy_document.assume_role",
            "module.cluster.module.role__control_plane.data.aws_iam_policy_document.trusted_iam_entities",
            "module.cluster.module.role__control_plane.data.aws_iam_policy_document.trusted_oidc_providers",
            "module.cluster.module.role__control_plane.data.aws_iam_policy_document.trusted_saml_providers",
            "module.cluster.module.role__control_plane.data.aws_iam_policy_document.trusted_services",
            "module.cluster.module.role__control_plane.data.aws_partition.this",
            "module.cluster.module.security_group__control_plane.aws_security_group.this",
            "module.cluster.module.security_group__node.aws_security_group.this"
          ]
        },
        {
          "index_key": "all/cluster",
          "schema_version": 2,
          "attributes": {
            "cidr_blocks": null,
            "description": "Allow nodes egress access to the cluster security group(for fargate pods).",
            "from_port": 0,
            "id": "sgrule-4200553694",
            "ipv6_cidr_blocks": null,
            "prefix_list_ids": null,
            "protocol": "-1",
            "security_group_id": "sg-0c14850aad67b7885",
            "self": false,
            "source_security_group_id": "sg-0d7aafe9d9dde703e",
            "to_port": 0,
            "type": "egress"
          },
          "sensitive_attributes": [],
          "private": "eyJzY2hlbWFfdmVyc2lvbiI6IjIifQ==",
          "dependencies": [
            "data.terraform_remote_state.network",
            "module.cluster.aws_cloudwatch_log_group.this",
            "module.cluster.aws_eks_cluster.this",
            "module.cluster.data.aws_subnet.selected",
            "module.cluster.module.role__control_plane.aws_iam_instance_profile.this",
            "module.cluster.module.role__control_plane.aws_iam_role.this",
            "module.cluster.module.role__control_plane.aws_iam_role_policy.inline",
            "module.cluster.module.role__control_plane.aws_iam_role_policy_attachment.managed",
            "module.cluster.module.role__control_plane.aws_resourcegroups_group.this",
            "module.cluster.module.role__control_plane.data.aws_caller_identity.this",
            "module.cluster.module.role__control_plane.data.aws_iam_policy_document.assume_role",
            "module.cluster.module.role__control_plane.data.aws_iam_policy_document.trusted_iam_entities",
            "module.cluster.module.role__control_plane.data.aws_iam_policy_document.trusted_oidc_providers",
            "module.cluster.module.role__control_plane.data.aws_iam_policy_document.trusted_saml_providers",
            "module.cluster.module.role__control_plane.data.aws_iam_policy_document.trusted_services",
            "module.cluster.module.role__control_plane.data.aws_partition.this",
            "module.cluster.module.security_group__control_plane.aws_security_group.this",
            "module.cluster.module.security_group__node.aws_security_group.this"
          ]
        }
      ]
    },
    {
      "module": "module.cluster.module.security_group__node",
      "mode": "managed",
      "type": "aws_security_group_rule",
      "name": "ingress",
      "provider": "provider[\"registry.terraform.io/hashicorp/aws\"]",
      "instances": [
        {
          "index_key": "all/cluster",
          "schema_version": 2,
          "attributes": {
            "cidr_blocks": null,
            "description": "Allow nodes to communicate from the cluster security group(for fargate pods).",
            "from_port": 0,
            "id": "sgrule-208627265",
            "ipv6_cidr_blocks": null,
            "prefix_list_ids": null,
            "protocol": "-1",
            "security_group_id": "sg-0c14850aad67b7885",
            "self": false,
            "source_security_group_id": "sg-0d7aafe9d9dde703e",
            "to_port": 0,
            "type": "ingress"
          },
          "sensitive_attributes": [],
          "private": "eyJzY2hlbWFfdmVyc2lvbiI6IjIifQ==",
          "dependencies": [
            "data.terraform_remote_state.network",
            "module.cluster.aws_cloudwatch_log_group.this",
            "module.cluster.aws_eks_cluster.this",
            "module.cluster.data.aws_subnet.selected",
            "module.cluster.module.role__control_plane.aws_iam_instance_profile.this",
            "module.cluster.module.role__control_plane.aws_iam_role.this",
            "module.cluster.module.role__control_plane.aws_iam_role_policy.inline",
            "module.cluster.module.role__control_plane.aws_iam_role_policy_attachment.managed",
            "module.cluster.module.role__control_plane.aws_resourcegroups_group.this",
            "module.cluster.module.role__control_plane.data.aws_caller_identity.this",
            "module.cluster.module.role__control_plane.data.aws_iam_policy_document.assume_role",
            "module.cluster.module.role__control_plane.data.aws_iam_policy_document.trusted_iam_entities",
            "module.cluster.module.role__control_plane.data.aws_iam_policy_document.trusted_oidc_providers",
            "module.cluster.module.role__control_plane.data.aws_iam_policy_document.trusted_saml_providers",
            "module.cluster.module.role__control_plane.data.aws_iam_policy_document.trusted_services",
            "module.cluster.module.role__control_plane.data.aws_partition.this",
            "module.cluster.module.security_group__control_plane.aws_security_group.this",
            "module.cluster.module.security_group__node.aws_security_group.this",
            "module.cluster.module.security_group__pod.aws_security_group.this"
          ]
        },
        {
          "index_key": "all/self",
          "schema_version": 2,
          "attributes": {
            "cidr_blocks": null,
            "description": "Allow nodes to communicate each others.",
            "from_port": 0,
            "id": "sgrule-2180815685",
            "ipv6_cidr_blocks": null,
            "prefix_list_ids": null,
            "protocol": "-1",
            "security_group_id": "sg-0c14850aad67b7885",
            "self": true,
            "source_security_group_id": null,
            "to_port": 0,
            "type": "ingress"
          },
          "sensitive_attributes": [],
          "private": "eyJzY2hlbWFfdmVyc2lvbiI6IjIifQ==",
          "dependencies": [
            "data.terraform_remote_state.network",
            "module.cluster.aws_cloudwatch_log_group.this",
            "module.cluster.aws_eks_cluster.this",
            "module.cluster.data.aws_subnet.selected",
            "module.cluster.module.role__control_plane.aws_iam_instance_profile.this",
            "module.cluster.module.role__control_plane.aws_iam_role.this",
            "module.cluster.module.role__control_plane.aws_iam_role_policy.inline",
            "module.cluster.module.role__control_plane.aws_iam_role_policy_attachment.managed",
            "module.cluster.module.role__control_plane.aws_resourcegroups_group.this",
            "module.cluster.module.role__control_plane.data.aws_caller_identity.this",
            "module.cluster.module.role__control_plane.data.aws_iam_policy_document.assume_role",
            "module.cluster.module.role__control_plane.data.aws_iam_policy_document.trusted_iam_entities",
            "module.cluster.module.role__control_plane.data.aws_iam_policy_document.trusted_oidc_providers",
            "module.cluster.module.role__control_plane.data.aws_iam_policy_document.trusted_saml_providers",
            "module.cluster.module.role__control_plane.data.aws_iam_policy_document.trusted_services",
            "module.cluster.module.role__control_plane.data.aws_partition.this",
            "module.cluster.module.security_group__control_plane.aws_security_group.this",
            "module.cluster.module.security_group__node.aws_security_group.this",
            "module.cluster.module.security_group__pod.aws_security_group.this"
          ]
        },
        {
          "index_key": "ephemeral/control-plane",
          "schema_version": 2,
          "attributes": {
            "cidr_blocks": null,
            "description": "Allow nodes to receive communication from the cluster control plane.",
            "from_port": 1025,
            "id": "sgrule-4059721912",
            "ipv6_cidr_blocks": null,
            "prefix_list_ids": null,
            "protocol": "tcp",
            "security_group_id": "sg-0c14850aad67b7885",
            "self": false,
            "source_security_group_id": "sg-0cbe9bc56ed543566",
            "to_port": 65535,
            "type": "ingress"
          },
          "sensitive_attributes": [],
          "private": "eyJzY2hlbWFfdmVyc2lvbiI6IjIifQ==",
          "dependencies": [
            "data.terraform_remote_state.network",
            "module.cluster.aws_cloudwatch_log_group.this",
            "module.cluster.aws_eks_cluster.this",
            "module.cluster.data.aws_subnet.selected",
            "module.cluster.module.role__control_plane.aws_iam_instance_profile.this",
            "module.cluster.module.role__control_plane.aws_iam_role.this",
            "module.cluster.module.role__control_plane.aws_iam_role_policy.inline",
            "module.cluster.module.role__control_plane.aws_iam_role_policy_attachment.managed",
            "module.cluster.module.role__control_plane.aws_resourcegroups_group.this",
            "module.cluster.module.role__control_plane.data.aws_caller_identity.this",
            "module.cluster.module.role__control_plane.data.aws_iam_policy_document.assume_role",
            "module.cluster.module.role__control_plane.data.aws_iam_policy_document.trusted_iam_entities",
            "module.cluster.module.role__control_plane.data.aws_iam_policy_document.trusted_oidc_providers",
            "module.cluster.module.role__control_plane.data.aws_iam_policy_document.trusted_saml_providers",
            "module.cluster.module.role__control_plane.data.aws_iam_policy_document.trusted_services",
            "module.cluster.module.role__control_plane.data.aws_partition.this",
            "module.cluster.module.security_group__control_plane.aws_security_group.this",
            "module.cluster.module.security_group__node.aws_security_group.this",
            "module.cluster.module.security_group__pod.aws_security_group.this"
          ]
        },
        {
          "index_key": "kubelet/control-plane",
          "schema_version": 2,
          "attributes": {
            "cidr_blocks": null,
            "description": "Allow nodes to receive communication from the cluster control plane for kubelet.",
            "from_port": 10250,
            "id": "sgrule-129497822",
            "ipv6_cidr_blocks": null,
            "prefix_list_ids": null,
            "protocol": "tcp",
            "security_group_id": "sg-0c14850aad67b7885",
            "self": false,
            "source_security_group_id": "sg-0cbe9bc56ed543566",
            "to_port": 10250,
            "type": "ingress"
          },
          "sensitive_attributes": [],
          "private": "eyJzY2hlbWFfdmVyc2lvbiI6IjIifQ==",
          "dependencies": [
            "data.terraform_remote_state.network",
            "module.cluster.aws_cloudwatch_log_group.this",
            "module.cluster.aws_eks_cluster.this",
            "module.cluster.data.aws_subnet.selected",
            "module.cluster.module.role__control_plane.aws_iam_instance_profile.this",
            "module.cluster.module.role__control_plane.aws_iam_role.this",
            "module.cluster.module.role__control_plane.aws_iam_role_policy.inline",
            "module.cluster.module.role__control_plane.aws_iam_role_policy_attachment.managed",
            "module.cluster.module.role__control_plane.aws_resourcegroups_group.this",
            "module.cluster.module.role__control_plane.data.aws_caller_identity.this",
            "module.cluster.module.role__control_plane.data.aws_iam_policy_document.assume_role",
            "module.cluster.module.role__control_plane.data.aws_iam_policy_document.trusted_iam_entities",
            "module.cluster.module.role__control_plane.data.aws_iam_policy_document.trusted_oidc_providers",
            "module.cluster.module.role__control_plane.data.aws_iam_policy_document.trusted_saml_providers",
            "module.cluster.module.role__control_plane.data.aws_iam_policy_document.trusted_services",
            "module.cluster.module.role__control_plane.data.aws_partition.this",
            "module.cluster.module.security_group__control_plane.aws_security_group.this",
            "module.cluster.module.security_group__node.aws_security_group.this",
            "module.cluster.module.security_group__pod.aws_security_group.this"
          ]
        },
        {
          "index_key": "kubelet/pods",
          "schema_version": 2,
          "attributes": {
            "cidr_blocks": null,
            "description": "Allow nodes to receive communication from the pods for kubelet.",
            "from_port": 10250,
            "id": "sgrule-1335202959",
            "ipv6_cidr_blocks": null,
            "prefix_list_ids": null,
            "protocol": "tcp",
            "security_group_id": "sg-0c14850aad67b7885",
            "self": false,
            "source_security_group_id": "sg-00c6d5b25a476be67",
            "to_port": 10250,
            "type": "ingress"
          },
          "sensitive_attributes": [],
          "private": "eyJzY2hlbWFfdmVyc2lvbiI6IjIifQ==",
          "dependencies": [
            "data.terraform_remote_state.network",
            "module.cluster.aws_cloudwatch_log_group.this",
            "module.cluster.aws_eks_cluster.this",
            "module.cluster.data.aws_subnet.selected",
            "module.cluster.module.role__control_plane.aws_iam_instance_profile.this",
            "module.cluster.module.role__control_plane.aws_iam_role.this",
            "module.cluster.module.role__control_plane.aws_iam_role_policy.inline",
            "module.cluster.module.role__control_plane.aws_iam_role_policy_attachment.managed",
            "module.cluster.module.role__control_plane.aws_resourcegroups_group.this",
            "module.cluster.module.role__control_plane.data.aws_caller_identity.this",
            "module.cluster.module.role__control_plane.data.aws_iam_policy_document.assume_role",
            "module.cluster.module.role__control_plane.data.aws_iam_policy_document.trusted_iam_entities",
            "module.cluster.module.role__control_plane.data.aws_iam_policy_document.trusted_oidc_providers",
            "module.cluster.module.role__control_plane.data.aws_iam_policy_document.trusted_saml_providers",
            "module.cluster.module.role__control_plane.data.aws_iam_policy_document.trusted_services",
            "module.cluster.module.role__control_plane.data.aws_partition.this",
            "module.cluster.module.security_group__control_plane.aws_security_group.this",
            "module.cluster.module.security_group__node.aws_security_group.this",
            "module.cluster.module.security_group__pod.aws_security_group.this"
          ]
        },
        {
          "index_key": "node-exporter/pods",
          "schema_version": 2,
          "attributes": {
            "cidr_blocks": null,
            "description": "Allow nodes to receive communication from the pods for node-exporter.",
            "from_port": 9100,
            "id": "sgrule-3230357039",
            "ipv6_cidr_blocks": null,
            "prefix_list_ids": null,
            "protocol": "tcp",
            "security_group_id": "sg-0c14850aad67b7885",
            "self": false,
            "source_security_group_id": "sg-00c6d5b25a476be67",
            "to_port": 9100,
            "type": "ingress"
          },
          "sensitive_attributes": [],
          "private": "eyJzY2hlbWFfdmVyc2lvbiI6IjIifQ==",
          "dependencies": [
            "data.terraform_remote_state.network",
            "module.cluster.aws_cloudwatch_log_group.this",
            "module.cluster.aws_eks_cluster.this",
            "module.cluster.data.aws_subnet.selected",
            "module.cluster.module.role__control_plane.aws_iam_instance_profile.this",
            "module.cluster.module.role__control_plane.aws_iam_role.this",
            "module.cluster.module.role__control_plane.aws_iam_role_policy.inline",
            "module.cluster.module.role__control_plane.aws_iam_role_policy_attachment.managed",
            "module.cluster.module.role__control_plane.aws_resourcegroups_group.this",
            "module.cluster.module.role__control_plane.data.aws_caller_identity.this",
            "module.cluster.module.role__control_plane.data.aws_iam_policy_document.assume_role",
            "module.cluster.module.role__control_plane.data.aws_iam_policy_document.trusted_iam_entities",
            "module.cluster.module.role__control_plane.data.aws_iam_policy_document.trusted_oidc_providers",
            "module.cluster.module.role__control_plane.data.aws_iam_policy_document.trusted_saml_providers",
            "module.cluster.module.role__control_plane.data.aws_iam_policy_document.trusted_services",
            "module.cluster.module.role__control_plane.data.aws_partition.this",
            "module.cluster.module.security_group__control_plane.aws_security_group.this",
            "module.cluster.module.security_group__node.aws_security_group.this",
            "module.cluster.module.security_group__pod.aws_security_group.this"
          ]
        }
      ]
    },
    {
      "module": "module.cluster.module.security_group__pod",
      "mode": "managed",
      "type": "aws_security_group",
      "name": "this",
      "provider": "provider[\"registry.terraform.io/hashicorp/aws\"]",
      "instances": [
        {
          "schema_version": 1,
          "attributes": {
            "arn": "arn:aws:ec2:ap-northeast-2:755233231675:security-group/sg-00c6d5b25a476be67",
            "description": "Security Group for all pods in the EKS cluster.",
            "egress": [],
            "id": "sg-00c6d5b25a476be67",
            "ingress": [],
            "name": "eks-apne2-fastcampus-pod",
            "name_prefix": "",
            "owner_id": "755233231675",
            "revoke_rules_on_delete": false,
            "tags": {
              "Name": "eks-apne2-fastcampus-pod",
              "kubernetes.io/cluster/apne2-fastcampus": "owned",
              "module.terraform.io/full-name": "terraform-aws-container/eks-cluster",
              "module.terraform.io/instance": "apne2-fastcampus",
              "module.terraform.io/name": "eks-cluster",
              "module.terraform.io/package": "terraform-aws-container",
              "module.terraform.io/version": "0.14.0"
            },
            "tags_all": {
              "Name": "eks-apne2-fastcampus-pod",
              "kubernetes.io/cluster/apne2-fastcampus": "owned",
              "module.terraform.io/full-name": "terraform-aws-container/eks-cluster",
              "module.terraform.io/instance": "apne2-fastcampus",
              "module.terraform.io/name": "eks-cluster",
              "module.terraform.io/package": "terraform-aws-container",
              "module.terraform.io/version": "0.14.0"
            },
            "timeouts": null,
            "vpc_id": "vpc-051effa40fb6d871d"
          },
          "sensitive_attributes": [],
          "private": "eyJlMmJmYjczMC1lY2FhLTExZTYtOGY4OC0zNDM2M2JjN2M0YzAiOnsiY3JlYXRlIjo2MDAwMDAwMDAwMDAsImRlbGV0ZSI6OTAwMDAwMDAwMDAwfSwic2NoZW1hX3ZlcnNpb24iOiIxIn0=",
          "dependencies": [
            "module.cluster.data.aws_subnet.selected"
          ]
        }
      ]
    },
    {
      "module": "module.cluster.module.security_group__pod",
      "mode": "managed",
      "type": "aws_security_group_rule",
      "name": "egress",
      "provider": "provider[\"registry.terraform.io/hashicorp/aws\"]",
      "instances": [
        {
          "index_key": "all/all",
          "schema_version": 2,
          "attributes": {
            "cidr_blocks": [
              "0.0.0.0/0"
            ],
            "description": "Allow pods to communicate to the Internet.",
            "from_port": 0,
            "id": "sgrule-1758810506",
            "ipv6_cidr_blocks": null,
            "prefix_list_ids": null,
            "protocol": "-1",
            "security_group_id": "sg-00c6d5b25a476be67",
            "self": false,
            "source_security_group_id": null,
            "to_port": 0,
            "type": "egress"
          },
          "sensitive_attributes": [],
          "private": "eyJzY2hlbWFfdmVyc2lvbiI6IjIifQ==",
          "dependencies": [
            "module.cluster.data.aws_subnet.selected",
            "module.cluster.module.security_group__pod.aws_security_group.this"
          ]
        }
      ]
    },
    {
      "module": "module.cluster.module.security_group__pod",
      "mode": "managed",
      "type": "aws_security_group_rule",
      "name": "ingress",
      "provider": "provider[\"registry.terraform.io/hashicorp/aws\"]",
      "instances": [
        {
          "index_key": "all/cluster",
          "schema_version": 2,
          "attributes": {
            "cidr_blocks": null,
            "description": "Allow pods to communicate from the cluster security group(for fargate pods).",
            "from_port": 0,
            "id": "sgrule-1786363566",
            "ipv6_cidr_blocks": null,
            "prefix_list_ids": null,
            "protocol": "-1",
            "security_group_id": "sg-00c6d5b25a476be67",
            "self": false,
            "source_security_group_id": "sg-0d7aafe9d9dde703e",
            "to_port": 0,
            "type": "ingress"
          },
          "sensitive_attributes": [],
          "private": "eyJzY2hlbWFfdmVyc2lvbiI6IjIifQ==",
          "dependencies": [
            "data.terraform_remote_state.network",
            "module.cluster.aws_cloudwatch_log_group.this",
            "module.cluster.aws_eks_cluster.this",
            "module.cluster.data.aws_subnet.selected",
            "module.cluster.module.role__control_plane.aws_iam_instance_profile.this",
            "module.cluster.module.role__control_plane.aws_iam_role.this",
            "module.cluster.module.role__control_plane.aws_iam_role_policy.inline",
            "module.cluster.module.role__control_plane.aws_iam_role_policy_attachment.managed",
            "module.cluster.module.role__control_plane.aws_resourcegroups_group.this",
            "module.cluster.module.role__control_plane.data.aws_caller_identity.this",
            "module.cluster.module.role__control_plane.data.aws_iam_policy_document.assume_role",
            "module.cluster.module.role__control_plane.data.aws_iam_policy_document.trusted_iam_entities",
            "module.cluster.module.role__control_plane.data.aws_iam_policy_document.trusted_oidc_providers",
            "module.cluster.module.role__control_plane.data.aws_iam_policy_document.trusted_saml_providers",
            "module.cluster.module.role__control_plane.data.aws_iam_policy_document.trusted_services",
            "module.cluster.module.role__control_plane.data.aws_partition.this",
            "module.cluster.module.security_group__control_plane.aws_security_group.this",
            "module.cluster.module.security_group__node.aws_security_group.this",
            "module.cluster.module.security_group__pod.aws_security_group.this"
          ]
        },
        {
          "index_key": "all/nodes",
          "schema_version": 2,
          "attributes": {
            "cidr_blocks": null,
            "description": "Allow pods to communicate from the nodes.",
            "from_port": 0,
            "id": "sgrule-3890889642",
            "ipv6_cidr_blocks": null,
            "prefix_list_ids": null,
            "protocol": "-1",
            "security_group_id": "sg-00c6d5b25a476be67",
            "self": false,
            "source_security_group_id": "sg-0c14850aad67b7885",
            "to_port": 0,
            "type": "ingress"
          },
          "sensitive_attributes": [],
          "private": "eyJzY2hlbWFfdmVyc2lvbiI6IjIifQ==",
          "dependencies": [
            "data.terraform_remote_state.network",
            "module.cluster.aws_cloudwatch_log_group.this",
            "module.cluster.aws_eks_cluster.this",
            "module.cluster.data.aws_subnet.selected",
            "module.cluster.module.role__control_plane.aws_iam_instance_profile.this",
            "module.cluster.module.role__control_plane.aws_iam_role.this",
            "module.cluster.module.role__control_plane.aws_iam_role_policy.inline",
            "module.cluster.module.role__control_plane.aws_iam_role_policy_attachment.managed",
            "module.cluster.module.role__control_plane.aws_resourcegroups_group.this",
            "module.cluster.module.role__control_plane.data.aws_caller_identity.this",
            "module.cluster.module.role__control_plane.data.aws_iam_policy_document.assume_role",
            "module.cluster.module.role__control_plane.data.aws_iam_policy_document.trusted_iam_entities",
            "module.cluster.module.role__control_plane.data.aws_iam_policy_document.trusted_oidc_providers",
            "module.cluster.module.role__control_plane.data.aws_iam_policy_document.trusted_saml_providers",
            "module.cluster.module.role__control_plane.data.aws_iam_policy_document.trusted_services",
            "module.cluster.module.role__control_plane.data.aws_partition.this",
            "module.cluster.module.security_group__control_plane.aws_security_group.this",
            "module.cluster.module.security_group__node.aws_security_group.this",
            "module.cluster.module.security_group__pod.aws_security_group.this"
          ]
        },
        {
          "index_key": "all/self",
          "schema_version": 2,
          "attributes": {
            "cidr_blocks": null,
            "description": "Allow pods to communicate each others.",
            "from_port": 0,
            "id": "sgrule-3241086254",
            "ipv6_cidr_blocks": null,
            "prefix_list_ids": null,
            "protocol": "-1",
            "security_group_id": "sg-00c6d5b25a476be67",
            "self": true,
            "source_security_group_id": null,
            "to_port": 0,
            "type": "ingress"
          },
          "sensitive_attributes": [],
          "private": "eyJzY2hlbWFfdmVyc2lvbiI6IjIifQ==",
          "dependencies": [
            "data.terraform_remote_state.network",
            "module.cluster.aws_cloudwatch_log_group.this",
            "module.cluster.aws_eks_cluster.this",
            "module.cluster.data.aws_subnet.selected",
            "module.cluster.module.role__control_plane.aws_iam_instance_profile.this",
            "module.cluster.module.role__control_plane.aws_iam_role.this",
            "module.cluster.module.role__control_plane.aws_iam_role_policy.inline",
            "module.cluster.module.role__control_plane.aws_iam_role_policy_attachment.managed",
            "module.cluster.module.role__control_plane.aws_resourcegroups_group.this",
            "module.cluster.module.role__control_plane.data.aws_caller_identity.this",
            "module.cluster.module.role__control_plane.data.aws_iam_policy_document.assume_role",
            "module.cluster.module.role__control_plane.data.aws_iam_policy_document.trusted_iam_entities",
            "module.cluster.module.role__control_plane.data.aws_iam_policy_document.trusted_oidc_providers",
            "module.cluster.module.role__control_plane.data.aws_iam_policy_document.trusted_saml_providers",
            "module.cluster.module.role__control_plane.data.aws_iam_policy_document.trusted_services",
            "module.cluster.module.role__control_plane.data.aws_partition.this",
            "module.cluster.module.security_group__control_plane.aws_security_group.this",
            "module.cluster.module.security_group__node.aws_security_group.this",
            "module.cluster.module.security_group__pod.aws_security_group.this"
          ]
        },
        {
          "index_key": "ephemeral/control-plane",
          "schema_version": 2,
          "attributes": {
            "cidr_blocks": null,
            "description": "Allow pods to receive communication from the cluster control plane.",
            "from_port": 1025,
            "id": "sgrule-2075061342",
            "ipv6_cidr_blocks": null,
            "prefix_list_ids": null,
            "protocol": "tcp",
            "security_group_id": "sg-00c6d5b25a476be67",
            "self": false,
            "source_security_group_id": "sg-0cbe9bc56ed543566",
            "to_port": 65535,
            "type": "ingress"
          },
          "sensitive_attributes": [],
          "private": "eyJzY2hlbWFfdmVyc2lvbiI6IjIifQ==",
          "dependencies": [
            "data.terraform_remote_state.network",
            "module.cluster.aws_cloudwatch_log_group.this",
            "module.cluster.aws_eks_cluster.this",
            "module.cluster.data.aws_subnet.selected",
            "module.cluster.module.role__control_plane.aws_iam_instance_profile.this",
            "module.cluster.module.role__control_plane.aws_iam_role.this",
            "module.cluster.module.role__control_plane.aws_iam_role_policy.inline",
            "module.cluster.module.role__control_plane.aws_iam_role_policy_attachment.managed",
            "module.cluster.module.role__control_plane.aws_resourcegroups_group.this",
            "module.cluster.module.role__control_plane.data.aws_caller_identity.this",
            "module.cluster.module.role__control_plane.data.aws_iam_policy_document.assume_role",
            "module.cluster.module.role__control_plane.data.aws_iam_policy_document.trusted_iam_entities",
            "module.cluster.module.role__control_plane.data.aws_iam_policy_document.trusted_oidc_providers",
            "module.cluster.module.role__control_plane.data.aws_iam_policy_document.trusted_saml_providers",
            "module.cluster.module.role__control_plane.data.aws_iam_policy_document.trusted_services",
            "module.cluster.module.role__control_plane.data.aws_partition.this",
            "module.cluster.module.security_group__control_plane.aws_security_group.this",
            "module.cluster.module.security_group__node.aws_security_group.this",
            "module.cluster.module.security_group__pod.aws_security_group.this"
          ]
        },
        {
          "index_key": "metrics-server/control-plane",
          "schema_version": 2,
          "attributes": {
            "cidr_blocks": null,
            "description": "Allow pods to receive metrics-server communication from the cluster control plane.",
            "from_port": 443,
            "id": "sgrule-3961149983",
            "ipv6_cidr_blocks": null,
            "prefix_list_ids": null,
            "protocol": "tcp",
            "security_group_id": "sg-00c6d5b25a476be67",
            "self": false,
            "source_security_group_id": "sg-0cbe9bc56ed543566",
            "to_port": 443,
            "type": "ingress"
          },
          "sensitive_attributes": [],
          "private": "eyJzY2hlbWFfdmVyc2lvbiI6IjIifQ==",
          "dependencies": [
            "data.terraform_remote_state.network",
            "module.cluster.aws_cloudwatch_log_group.this",
            "module.cluster.aws_eks_cluster.this",
            "module.cluster.data.aws_subnet.selected",
            "module.cluster.module.role__control_plane.aws_iam_instance_profile.this",
            "module.cluster.module.role__control_plane.aws_iam_role.this",
            "module.cluster.module.role__control_plane.aws_iam_role_policy.inline",
            "module.cluster.module.role__control_plane.aws_iam_role_policy_attachment.managed",
            "module.cluster.module.role__control_plane.aws_resourcegroups_group.this",
            "module.cluster.module.role__control_plane.data.aws_caller_identity.this",
            "module.cluster.module.role__control_plane.data.aws_iam_policy_document.assume_role",
            "module.cluster.module.role__control_plane.data.aws_iam_policy_document.trusted_iam_entities",
            "module.cluster.module.role__control_plane.data.aws_iam_policy_document.trusted_oidc_providers",
            "module.cluster.module.role__control_plane.data.aws_iam_policy_document.trusted_saml_providers",
            "module.cluster.module.role__control_plane.data.aws_iam_policy_document.trusted_services",
            "module.cluster.module.role__control_plane.data.aws_partition.this",
            "module.cluster.module.security_group__control_plane.aws_security_group.this",
            "module.cluster.module.security_group__node.aws_security_group.this",
            "module.cluster.module.security_group__pod.aws_security_group.this"
          ]
        }
      ]
    }
  ]
}
